// !$*UTF8*$!
{
	archiveVersion = 1;
	classes = {
	};
	objectVersion = 46;
	objects = {

/* Begin PBXBuildFile section */
		F248DA7D1D62B1FE00FE5DC1 /* aliases.swift in Sources */ = {isa = PBXBuildFile; fileRef = F248DA231D62B1FE00FE5DC1 /* aliases.swift */; };
		F248DA7E1D62B1FE00FE5DC1 /* AnyScheduleableFiniteStateMachine.swift in Sources */ = {isa = PBXBuildFile; fileRef = F248DA241D62B1FE00FE5DC1 /* AnyScheduleableFiniteStateMachine.swift */; };
		F248DA7F1D62B1FE00FE5DC1 /* AnyState.swift in Sources */ = {isa = PBXBuildFile; fileRef = F248DA251D62B1FE00FE5DC1 /* AnyState.swift */; };
		F248DA801D62B1FE00FE5DC1 /* Behaviour.swift in Sources */ = {isa = PBXBuildFile; fileRef = F248DA261D62B1FE00FE5DC1 /* Behaviour.swift */; };
		F248DA861D62B1FE00FE5DC1 /* CallbackState.swift in Sources */ = {isa = PBXBuildFile; fileRef = F248DA2F1D62B1FE00FE5DC1 /* CallbackState.swift */; };
		F248DA871D62B1FE00FE5DC1 /* CArray.swift in Sources */ = {isa = PBXBuildFile; fileRef = F248DA301D62B1FE00FE5DC1 /* CArray.swift */; };
		F248DA881D62B1FE00FE5DC1 /* ConvertibleCArray.swift in Sources */ = {isa = PBXBuildFile; fileRef = F248DA311D62B1FE00FE5DC1 /* ConvertibleCArray.swift */; };
		F248DA891D62B1FE00FE5DC1 /* EmptyGlobalVariablesContainer.swift in Sources */ = {isa = PBXBuildFile; fileRef = F248DA321D62B1FE00FE5DC1 /* EmptyGlobalVariablesContainer.swift */; };
		F248DA8A1D62B1FE00FE5DC1 /* EmptySnapshotable.swift in Sources */ = {isa = PBXBuildFile; fileRef = F248DA331D62B1FE00FE5DC1 /* EmptySnapshotable.swift */; };
		F248DA8B1D62B1FE00FE5DC1 /* EmptyState.swift in Sources */ = {isa = PBXBuildFile; fileRef = F248DA341D62B1FE00FE5DC1 /* EmptyState.swift */; };
		F248DA8C1D62B1FE00FE5DC1 /* EmptyVariables.swift in Sources */ = {isa = PBXBuildFile; fileRef = F248DA351D62B1FE00FE5DC1 /* EmptyVariables.swift */; };
		F248DA8D1D62B1FE00FE5DC1 /* Exitable.swift in Sources */ = {isa = PBXBuildFile; fileRef = F248DA361D62B1FE00FE5DC1 /* Exitable.swift */; };
		F248DA8E1D62B1FE00FE5DC1 /* ExitableStateExecuter.swift in Sources */ = {isa = PBXBuildFile; fileRef = F248DA371D62B1FE00FE5DC1 /* ExitableStateExecuter.swift */; };
		F248DA8F1D62B1FE00FE5DC1 /* Factories.swift in Sources */ = {isa = PBXBuildFile; fileRef = F248DA381D62B1FE00FE5DC1 /* Factories.swift */; };
		F248DA901D62B1FE00FE5DC1 /* Finishable.swift in Sources */ = {isa = PBXBuildFile; fileRef = F248DA391D62B1FE00FE5DC1 /* Finishable.swift */; };
		F248DA911D62B1FE00FE5DC1 /* FiniteStateMachine.swift in Sources */ = {isa = PBXBuildFile; fileRef = F248DA3A1D62B1FE00FE5DC1 /* FiniteStateMachine.swift */; };
		F248DA921D62B1FE00FE5DC1 /* FiniteStateMachineType.swift in Sources */ = {isa = PBXBuildFile; fileRef = F248DA3B1D62B1FE00FE5DC1 /* FiniteStateMachineType.swift */; };
		F248DA931D62B1FE00FE5DC1 /* FSM-Bridging-Header.h in Headers */ = {isa = PBXBuildFile; fileRef = F248DA3C1D62B1FE00FE5DC1 /* FSM-Bridging-Header.h */; };
		F248DA941D62B1FE00FE5DC1 /* FSM.swift in Sources */ = {isa = PBXBuildFile; fileRef = F248DA3D1D62B1FE00FE5DC1 /* FSM.swift */; };
		F248DA951D62B1FE00FE5DC1 /* FunctionalArray.swift in Sources */ = {isa = PBXBuildFile; fileRef = F248DA3E1D62B1FE00FE5DC1 /* FunctionalArray.swift */; };
		F248DA961D62B1FE00FE5DC1 /* FunctionalOperators.swift in Sources */ = {isa = PBXBuildFile; fileRef = F248DA3F1D62B1FE00FE5DC1 /* FunctionalOperators.swift */; };
		F248DA971D62B1FE00FE5DC1 /* FunctionalOptional.swift in Sources */ = {isa = PBXBuildFile; fileRef = F248DA401D62B1FE00FE5DC1 /* FunctionalOptional.swift */; };
		F248DA981D62B1FE00FE5DC1 /* FunctionalSequence.swift in Sources */ = {isa = PBXBuildFile; fileRef = F248DA411D62B1FE00FE5DC1 /* FunctionalSequence.swift */; };
		F248DA991D62B1FE00FE5DC1 /* GenericWhiteboard.swift in Sources */ = {isa = PBXBuildFile; fileRef = F248DA421D62B1FE00FE5DC1 /* GenericWhiteboard.swift */; };
		F248DA9A1D62B1FE00FE5DC1 /* globals.swift in Sources */ = {isa = PBXBuildFile; fileRef = F248DA431D62B1FE00FE5DC1 /* globals.swift */; };
		F248DA9B1D62B1FE00FE5DC1 /* GlobalVariables.swift in Sources */ = {isa = PBXBuildFile; fileRef = F248DA441D62B1FE00FE5DC1 /* GlobalVariables.swift */; };
		F248DA9C1D62B1FE00FE5DC1 /* GlobalVariablesCollection.swift in Sources */ = {isa = PBXBuildFile; fileRef = F248DA451D62B1FE00FE5DC1 /* GlobalVariablesCollection.swift */; };
		F248DA9D1D62B1FE00FE5DC1 /* GlobalVariablesContainer.swift in Sources */ = {isa = PBXBuildFile; fileRef = F248DA461D62B1FE00FE5DC1 /* GlobalVariablesContainer.swift */; };
		F248DA9E1D62B1FE00FE5DC1 /* Identifiable.swift in Sources */ = {isa = PBXBuildFile; fileRef = F248DA481D62B1FE00FE5DC1 /* Identifiable.swift */; };
		F248DA9F1D62B1FE00FE5DC1 /* KripkeCollection.swift in Sources */ = {isa = PBXBuildFile; fileRef = F248DA4A1D62B1FE00FE5DC1 /* KripkeCollection.swift */; };
		F248DAA01D62B1FE00FE5DC1 /* KripkeFiniteStateMachine.swift in Sources */ = {isa = PBXBuildFile; fileRef = F248DA4B1D62B1FE00FE5DC1 /* KripkeFiniteStateMachine.swift */; };
		F248DAA11D62B1FE00FE5DC1 /* KripkeMiPalRinglet.swift in Sources */ = {isa = PBXBuildFile; fileRef = F248DA4C1D62B1FE00FE5DC1 /* KripkeMiPalRinglet.swift */; };
		F248DAA21D62B1FE00FE5DC1 /* KripkeMiPalRingletFactory.swift in Sources */ = {isa = PBXBuildFile; fileRef = F248DA4D1D62B1FE00FE5DC1 /* KripkeMiPalRingletFactory.swift */; };
		F248DAA31D62B1FE00FE5DC1 /* KripkeRinglet.swift in Sources */ = {isa = PBXBuildFile; fileRef = F248DA4E1D62B1FE00FE5DC1 /* KripkeRinglet.swift */; };
		F248DAA41D62B1FE00FE5DC1 /* KripkeStateProperty.swift in Sources */ = {isa = PBXBuildFile; fileRef = F248DA4F1D62B1FE00FE5DC1 /* KripkeStateProperty.swift */; };
		F248DAA51D62B1FE00FE5DC1 /* KripkeStatePropertyList.swift in Sources */ = {isa = PBXBuildFile; fileRef = F248DA501D62B1FE00FE5DC1 /* KripkeStatePropertyList.swift */; };
		F248DAA61D62B1FE00FE5DC1 /* KripkeStatePropertyTypes.swift in Sources */ = {isa = PBXBuildFile; fileRef = F248DA511D62B1FE00FE5DC1 /* KripkeStatePropertyTypes.swift */; };
		F248DAA71D62B1FE00FE5DC1 /* Makefile in Sources */ = {isa = PBXBuildFile; fileRef = F248DA521D62B1FE00FE5DC1 /* Makefile */; };
		F248DAA81D62B1FE00FE5DC1 /* MiPalActions.swift in Sources */ = {isa = PBXBuildFile; fileRef = F248DA531D62B1FE00FE5DC1 /* MiPalActions.swift */; };
		F248DAA91D62B1FF00FE5DC1 /* MiPalRinglet.swift in Sources */ = {isa = PBXBuildFile; fileRef = F248DA541D62B1FE00FE5DC1 /* MiPalRinglet.swift */; };
		F248DAAA1D62B1FF00FE5DC1 /* MiPalRingletFactory.swift in Sources */ = {isa = PBXBuildFile; fileRef = F248DA551D62B1FE00FE5DC1 /* MiPalRingletFactory.swift */; };
		F248DAAB1D62B1FF00FE5DC1 /* MirrorPropertyExtractor.swift in Sources */ = {isa = PBXBuildFile; fileRef = F248DA561D62B1FE00FE5DC1 /* MirrorPropertyExtractor.swift */; };
		F248DAAC1D62B1FF00FE5DC1 /* MutableSnapshotable.swift in Sources */ = {isa = PBXBuildFile; fileRef = F248DA571D62B1FE00FE5DC1 /* MutableSnapshotable.swift */; };
		F248DAAD1D62B1FF00FE5DC1 /* OptimizedStateExecuter.swift in Sources */ = {isa = PBXBuildFile; fileRef = F248DA581D62B1FE00FE5DC1 /* OptimizedStateExecuter.swift */; };
		F248DAAE1D62B1FF00FE5DC1 /* PropertiesExtractor.swift in Sources */ = {isa = PBXBuildFile; fileRef = F248DA591D62B1FE00FE5DC1 /* PropertiesExtractor.swift */; };
		F248DAAF1D62B1FF00FE5DC1 /* Restartable.swift in Sources */ = {isa = PBXBuildFile; fileRef = F248DA5A1D62B1FE00FE5DC1 /* Restartable.swift */; };
		F248DAB01D62B1FF00FE5DC1 /* Resumeable.swift in Sources */ = {isa = PBXBuildFile; fileRef = F248DA5B1D62B1FE00FE5DC1 /* Resumeable.swift */; };
		F248DAB11D62B1FF00FE5DC1 /* Ringlet.swift in Sources */ = {isa = PBXBuildFile; fileRef = F248DA5C1D62B1FE00FE5DC1 /* Ringlet.swift */; };
		F248DAB21D62B1FF00FE5DC1 /* Snapshotable.swift in Sources */ = {isa = PBXBuildFile; fileRef = F248DA5D1D62B1FE00FE5DC1 /* Snapshotable.swift */; };
		F248DAB31D62B1FF00FE5DC1 /* SnapshotCollectionController.swift in Sources */ = {isa = PBXBuildFile; fileRef = F248DA5E1D62B1FE00FE5DC1 /* SnapshotCollectionController.swift */; };
		F248DAB41D62B1FF00FE5DC1 /* SnapshotContainer.swift in Sources */ = {isa = PBXBuildFile; fileRef = F248DA5F1D62B1FE00FE5DC1 /* SnapshotContainer.swift */; };
		F248DAB51D62B1FF00FE5DC1 /* SnapshotController.swift in Sources */ = {isa = PBXBuildFile; fileRef = F248DA601D62B1FE00FE5DC1 /* SnapshotController.swift */; };
		F248DAB61D62B1FF00FE5DC1 /* Stack.swift in Sources */ = {isa = PBXBuildFile; fileRef = F248DA611D62B1FE00FE5DC1 /* Stack.swift */; };
		F248DAB71D62B1FF00FE5DC1 /* State.swift in Sources */ = {isa = PBXBuildFile; fileRef = F248DA621D62B1FE00FE5DC1 /* State.swift */; };
		F248DAB81D62B1FF00FE5DC1 /* StateContainer.swift in Sources */ = {isa = PBXBuildFile; fileRef = F248DA631D62B1FE00FE5DC1 /* StateContainer.swift */; };
		F248DAB91D62B1FF00FE5DC1 /* StateExecuter.swift in Sources */ = {isa = PBXBuildFile; fileRef = F248DA641D62B1FE00FE5DC1 /* StateExecuter.swift */; };
		F248DABA1D62B1FF00FE5DC1 /* StateExecuterDelegator.swift in Sources */ = {isa = PBXBuildFile; fileRef = F248DA651D62B1FE00FE5DC1 /* StateExecuterDelegator.swift */; };
		F248DABB1D62B1FF00FE5DC1 /* StateType.swift in Sources */ = {isa = PBXBuildFile; fileRef = F248DA661D62B1FE00FE5DC1 /* StateType.swift */; };
		F248DABC1D62B1FF00FE5DC1 /* Suspendable.swift in Sources */ = {isa = PBXBuildFile; fileRef = F248DA671D62B1FE00FE5DC1 /* Suspendable.swift */; };
		F248DAC71D62B1FF00FE5DC1 /* Transition.swift in Sources */ = {isa = PBXBuildFile; fileRef = F248DA751D62B1FE00FE5DC1 /* Transition.swift */; };
		F248DAC81D62B1FF00FE5DC1 /* Transitionable.swift in Sources */ = {isa = PBXBuildFile; fileRef = F248DA761D62B1FE00FE5DC1 /* Transitionable.swift */; };
		F248DAC91D62B1FF00FE5DC1 /* TransitionType.swift in Sources */ = {isa = PBXBuildFile; fileRef = F248DA771D62B1FE00FE5DC1 /* TransitionType.swift */; };
		F248DACA1D62B1FF00FE5DC1 /* Variables.swift in Sources */ = {isa = PBXBuildFile; fileRef = F248DA781D62B1FE00FE5DC1 /* Variables.swift */; };
		F248DACB1D62B1FF00FE5DC1 /* VariablesContainer.swift in Sources */ = {isa = PBXBuildFile; fileRef = F248DA791D62B1FE00FE5DC1 /* VariablesContainer.swift */; };
		F248DACC1D62B1FF00FE5DC1 /* Whiteboard.swift in Sources */ = {isa = PBXBuildFile; fileRef = F248DA7A1D62B1FE00FE5DC1 /* Whiteboard.swift */; };
		F248DACD1D62B1FF00FE5DC1 /* WhiteboardBehaviour.swift in Sources */ = {isa = PBXBuildFile; fileRef = F248DA7B1D62B1FE00FE5DC1 /* WhiteboardBehaviour.swift */; };
		F248DACE1D62B1FF00FE5DC1 /* WhiteboardCollection.swift in Sources */ = {isa = PBXBuildFile; fileRef = F248DA7C1D62B1FE00FE5DC1 /* WhiteboardCollection.swift */; };
		F2A59C991CF830D600E218C3 /* libFSM.dylib in Frameworks */ = {isa = PBXBuildFile; fileRef = F2B159611CF42A9700D43564 /* libFSM.dylib */; };
		F2A59CAB1CF8311B00E218C3 /* BehaviourTests.swift in Sources */ = {isa = PBXBuildFile; fileRef = F2A59C9F1CF8311B00E218C3 /* BehaviourTests.swift */; };
		F2A59CAC1CF8311B00E218C3 /* CArrayTests.swift in Sources */ = {isa = PBXBuildFile; fileRef = F2A59CA01CF8311B00E218C3 /* CArrayTests.swift */; };
		F2A59CAD1CF8311B00E218C3 /* Count.swift in Sources */ = {isa = PBXBuildFile; fileRef = F2A59CA11CF8311B00E218C3 /* Count.swift */; };
		F2A59CAE1CF8311B00E218C3 /* FactoriesTests.swift in Sources */ = {isa = PBXBuildFile; fileRef = F2A59CA21CF8311B00E218C3 /* FactoriesTests.swift */; };
		F2A59CAF1CF8311B00E218C3 /* FunctionalOptionalTests.swift in Sources */ = {isa = PBXBuildFile; fileRef = F2A59CA41CF8311B00E218C3 /* FunctionalOptionalTests.swift */; };
		F2A59CB01CF8311B00E218C3 /* GenericWhiteboardTests.swift in Sources */ = {isa = PBXBuildFile; fileRef = F2A59CA51CF8311B00E218C3 /* GenericWhiteboardTests.swift */; };
		F2A59CB11CF8311B00E218C3 /* Info.plist in Resources */ = {isa = PBXBuildFile; fileRef = F2A59CA61CF8311B00E218C3 /* Info.plist */; };
		F2A59CB41CF8311B00E218C3 /* WhiteboardBehaviourTests.swift in Sources */ = {isa = PBXBuildFile; fileRef = F2A59CAA1CF8311B00E218C3 /* WhiteboardBehaviourTests.swift */; };
		F2B159E01CF5509700D43564 /* gusimplewhiteboard.c in Sources */ = {isa = PBXBuildFile; fileRef = F2B159DF1CF5509700D43564 /* gusimplewhiteboard.c */; };
		F2B159E41CF550F100D43564 /* guwhiteboardtypelist_c_typestrings_generated.c in Sources */ = {isa = PBXBuildFile; fileRef = F2B159E31CF550F100D43564 /* guwhiteboardtypelist_c_typestrings_generated.c */; };
/* End PBXBuildFile section */

/* Begin PBXContainerItemProxy section */
		F2A59C9A1CF830D600E218C3 /* PBXContainerItemProxy */ = {
			isa = PBXContainerItemProxy;
			containerPortal = F2B159591CF42A9700D43564 /* Project object */;
			proxyType = 1;
			remoteGlobalIDString = F2B159601CF42A9700D43564;
			remoteInfo = libFSM;
		};
/* End PBXContainerItemProxy section */

/* Begin PBXFileReference section */
		F248DA231D62B1FE00FE5DC1 /* aliases.swift */ = {isa = PBXFileReference; fileEncoding = 4; lastKnownFileType = sourcecode.swift; path = aliases.swift; sourceTree = "<group>"; };
		F248DA241D62B1FE00FE5DC1 /* AnyScheduleableFiniteStateMachine.swift */ = {isa = PBXFileReference; fileEncoding = 4; lastKnownFileType = sourcecode.swift; path = AnyScheduleableFiniteStateMachine.swift; sourceTree = "<group>"; };
		F248DA251D62B1FE00FE5DC1 /* AnyState.swift */ = {isa = PBXFileReference; fileEncoding = 4; lastKnownFileType = sourcecode.swift; path = AnyState.swift; sourceTree = "<group>"; };
		F248DA261D62B1FE00FE5DC1 /* Behaviour.swift */ = {isa = PBXFileReference; fileEncoding = 4; lastKnownFileType = sourcecode.swift; path = Behaviour.swift; sourceTree = "<group>"; };
		F248DA2F1D62B1FE00FE5DC1 /* CallbackState.swift */ = {isa = PBXFileReference; fileEncoding = 4; lastKnownFileType = sourcecode.swift; path = CallbackState.swift; sourceTree = "<group>"; };
		F248DA301D62B1FE00FE5DC1 /* CArray.swift */ = {isa = PBXFileReference; fileEncoding = 4; lastKnownFileType = sourcecode.swift; path = CArray.swift; sourceTree = "<group>"; };
		F248DA311D62B1FE00FE5DC1 /* ConvertibleCArray.swift */ = {isa = PBXFileReference; fileEncoding = 4; lastKnownFileType = sourcecode.swift; path = ConvertibleCArray.swift; sourceTree = "<group>"; };
		F248DA321D62B1FE00FE5DC1 /* EmptyGlobalVariablesContainer.swift */ = {isa = PBXFileReference; fileEncoding = 4; lastKnownFileType = sourcecode.swift; path = EmptyGlobalVariablesContainer.swift; sourceTree = "<group>"; };
		F248DA331D62B1FE00FE5DC1 /* EmptySnapshotable.swift */ = {isa = PBXFileReference; fileEncoding = 4; lastKnownFileType = sourcecode.swift; path = EmptySnapshotable.swift; sourceTree = "<group>"; };
		F248DA341D62B1FE00FE5DC1 /* EmptyState.swift */ = {isa = PBXFileReference; fileEncoding = 4; lastKnownFileType = sourcecode.swift; path = EmptyState.swift; sourceTree = "<group>"; };
		F248DA351D62B1FE00FE5DC1 /* EmptyVariables.swift */ = {isa = PBXFileReference; fileEncoding = 4; lastKnownFileType = sourcecode.swift; path = EmptyVariables.swift; sourceTree = "<group>"; };
		F248DA361D62B1FE00FE5DC1 /* Exitable.swift */ = {isa = PBXFileReference; fileEncoding = 4; lastKnownFileType = sourcecode.swift; path = Exitable.swift; sourceTree = "<group>"; };
		F248DA371D62B1FE00FE5DC1 /* ExitableStateExecuter.swift */ = {isa = PBXFileReference; fileEncoding = 4; lastKnownFileType = sourcecode.swift; path = ExitableStateExecuter.swift; sourceTree = "<group>"; };
		F248DA381D62B1FE00FE5DC1 /* Factories.swift */ = {isa = PBXFileReference; fileEncoding = 4; lastKnownFileType = sourcecode.swift; path = Factories.swift; sourceTree = "<group>"; };
		F248DA391D62B1FE00FE5DC1 /* Finishable.swift */ = {isa = PBXFileReference; fileEncoding = 4; lastKnownFileType = sourcecode.swift; path = Finishable.swift; sourceTree = "<group>"; };
		F248DA3A1D62B1FE00FE5DC1 /* FiniteStateMachine.swift */ = {isa = PBXFileReference; fileEncoding = 4; lastKnownFileType = sourcecode.swift; path = FiniteStateMachine.swift; sourceTree = "<group>"; };
		F248DA3B1D62B1FE00FE5DC1 /* FiniteStateMachineType.swift */ = {isa = PBXFileReference; fileEncoding = 4; lastKnownFileType = sourcecode.swift; path = FiniteStateMachineType.swift; sourceTree = "<group>"; };
		F248DA3C1D62B1FE00FE5DC1 /* FSM-Bridging-Header.h */ = {isa = PBXFileReference; fileEncoding = 4; lastKnownFileType = sourcecode.c.h; path = "FSM-Bridging-Header.h"; sourceTree = "<group>"; };
		F248DA3D1D62B1FE00FE5DC1 /* FSM.swift */ = {isa = PBXFileReference; fileEncoding = 4; lastKnownFileType = sourcecode.swift; path = FSM.swift; sourceTree = "<group>"; };
		F248DA3E1D62B1FE00FE5DC1 /* FunctionalArray.swift */ = {isa = PBXFileReference; fileEncoding = 4; lastKnownFileType = sourcecode.swift; path = FunctionalArray.swift; sourceTree = "<group>"; };
		F248DA3F1D62B1FE00FE5DC1 /* FunctionalOperators.swift */ = {isa = PBXFileReference; fileEncoding = 4; lastKnownFileType = sourcecode.swift; path = FunctionalOperators.swift; sourceTree = "<group>"; };
		F248DA401D62B1FE00FE5DC1 /* FunctionalOptional.swift */ = {isa = PBXFileReference; fileEncoding = 4; lastKnownFileType = sourcecode.swift; path = FunctionalOptional.swift; sourceTree = "<group>"; };
		F248DA411D62B1FE00FE5DC1 /* FunctionalSequence.swift */ = {isa = PBXFileReference; fileEncoding = 4; lastKnownFileType = sourcecode.swift; path = FunctionalSequence.swift; sourceTree = "<group>"; };
		F248DA421D62B1FE00FE5DC1 /* GenericWhiteboard.swift */ = {isa = PBXFileReference; fileEncoding = 4; lastKnownFileType = sourcecode.swift; path = GenericWhiteboard.swift; sourceTree = "<group>"; };
		F248DA431D62B1FE00FE5DC1 /* globals.swift */ = {isa = PBXFileReference; fileEncoding = 4; lastKnownFileType = sourcecode.swift; path = globals.swift; sourceTree = "<group>"; };
		F248DA441D62B1FE00FE5DC1 /* GlobalVariables.swift */ = {isa = PBXFileReference; fileEncoding = 4; lastKnownFileType = sourcecode.swift; path = GlobalVariables.swift; sourceTree = "<group>"; };
		F248DA451D62B1FE00FE5DC1 /* GlobalVariablesCollection.swift */ = {isa = PBXFileReference; fileEncoding = 4; lastKnownFileType = sourcecode.swift; path = GlobalVariablesCollection.swift; sourceTree = "<group>"; };
		F248DA461D62B1FE00FE5DC1 /* GlobalVariablesContainer.swift */ = {isa = PBXFileReference; fileEncoding = 4; lastKnownFileType = sourcecode.swift; path = GlobalVariablesContainer.swift; sourceTree = "<group>"; };
		F248DA471D62B1FE00FE5DC1 /* GNUmakefile */ = {isa = PBXFileReference; fileEncoding = 4; lastKnownFileType = text; path = GNUmakefile; sourceTree = "<group>"; };
		F248DA481D62B1FE00FE5DC1 /* Identifiable.swift */ = {isa = PBXFileReference; fileEncoding = 4; lastKnownFileType = sourcecode.swift; path = Identifiable.swift; sourceTree = "<group>"; };
		F248DA491D62B1FE00FE5DC1 /* jazzy.json */ = {isa = PBXFileReference; fileEncoding = 4; lastKnownFileType = text.json; path = jazzy.json; sourceTree = "<group>"; };
		F248DA4A1D62B1FE00FE5DC1 /* KripkeCollection.swift */ = {isa = PBXFileReference; fileEncoding = 4; lastKnownFileType = sourcecode.swift; path = KripkeCollection.swift; sourceTree = "<group>"; };
		F248DA4B1D62B1FE00FE5DC1 /* KripkeFiniteStateMachine.swift */ = {isa = PBXFileReference; fileEncoding = 4; lastKnownFileType = sourcecode.swift; path = KripkeFiniteStateMachine.swift; sourceTree = "<group>"; };
		F248DA4C1D62B1FE00FE5DC1 /* KripkeMiPalRinglet.swift */ = {isa = PBXFileReference; fileEncoding = 4; lastKnownFileType = sourcecode.swift; path = KripkeMiPalRinglet.swift; sourceTree = "<group>"; };
		F248DA4D1D62B1FE00FE5DC1 /* KripkeMiPalRingletFactory.swift */ = {isa = PBXFileReference; fileEncoding = 4; lastKnownFileType = sourcecode.swift; path = KripkeMiPalRingletFactory.swift; sourceTree = "<group>"; };
		F248DA4E1D62B1FE00FE5DC1 /* KripkeRinglet.swift */ = {isa = PBXFileReference; fileEncoding = 4; lastKnownFileType = sourcecode.swift; path = KripkeRinglet.swift; sourceTree = "<group>"; };
		F248DA4F1D62B1FE00FE5DC1 /* KripkeStateProperty.swift */ = {isa = PBXFileReference; fileEncoding = 4; lastKnownFileType = sourcecode.swift; path = KripkeStateProperty.swift; sourceTree = "<group>"; };
		F248DA501D62B1FE00FE5DC1 /* KripkeStatePropertyList.swift */ = {isa = PBXFileReference; fileEncoding = 4; lastKnownFileType = sourcecode.swift; path = KripkeStatePropertyList.swift; sourceTree = "<group>"; };
		F248DA511D62B1FE00FE5DC1 /* KripkeStatePropertyTypes.swift */ = {isa = PBXFileReference; fileEncoding = 4; lastKnownFileType = sourcecode.swift; path = KripkeStatePropertyTypes.swift; sourceTree = "<group>"; };
		F248DA521D62B1FE00FE5DC1 /* Makefile */ = {isa = PBXFileReference; fileEncoding = 4; lastKnownFileType = sourcecode.make; path = Makefile; sourceTree = "<group>"; };
		F248DA531D62B1FE00FE5DC1 /* MiPalActions.swift */ = {isa = PBXFileReference; fileEncoding = 4; lastKnownFileType = sourcecode.swift; path = MiPalActions.swift; sourceTree = "<group>"; };
		F248DA541D62B1FE00FE5DC1 /* MiPalRinglet.swift */ = {isa = PBXFileReference; fileEncoding = 4; lastKnownFileType = sourcecode.swift; path = MiPalRinglet.swift; sourceTree = "<group>"; };
		F248DA551D62B1FE00FE5DC1 /* MiPalRingletFactory.swift */ = {isa = PBXFileReference; fileEncoding = 4; lastKnownFileType = sourcecode.swift; path = MiPalRingletFactory.swift; sourceTree = "<group>"; };
		F248DA561D62B1FE00FE5DC1 /* MirrorPropertyExtractor.swift */ = {isa = PBXFileReference; fileEncoding = 4; lastKnownFileType = sourcecode.swift; path = MirrorPropertyExtractor.swift; sourceTree = "<group>"; };
		F248DA571D62B1FE00FE5DC1 /* MutableSnapshotable.swift */ = {isa = PBXFileReference; fileEncoding = 4; lastKnownFileType = sourcecode.swift; path = MutableSnapshotable.swift; sourceTree = "<group>"; };
		F248DA581D62B1FE00FE5DC1 /* OptimizedStateExecuter.swift */ = {isa = PBXFileReference; fileEncoding = 4; lastKnownFileType = sourcecode.swift; path = OptimizedStateExecuter.swift; sourceTree = "<group>"; };
		F248DA591D62B1FE00FE5DC1 /* PropertiesExtractor.swift */ = {isa = PBXFileReference; fileEncoding = 4; lastKnownFileType = sourcecode.swift; path = PropertiesExtractor.swift; sourceTree = "<group>"; };
		F248DA5A1D62B1FE00FE5DC1 /* Restartable.swift */ = {isa = PBXFileReference; fileEncoding = 4; lastKnownFileType = sourcecode.swift; path = Restartable.swift; sourceTree = "<group>"; };
		F248DA5B1D62B1FE00FE5DC1 /* Resumeable.swift */ = {isa = PBXFileReference; fileEncoding = 4; lastKnownFileType = sourcecode.swift; path = Resumeable.swift; sourceTree = "<group>"; };
		F248DA5C1D62B1FE00FE5DC1 /* Ringlet.swift */ = {isa = PBXFileReference; fileEncoding = 4; lastKnownFileType = sourcecode.swift; path = Ringlet.swift; sourceTree = "<group>"; };
		F248DA5D1D62B1FE00FE5DC1 /* Snapshotable.swift */ = {isa = PBXFileReference; fileEncoding = 4; lastKnownFileType = sourcecode.swift; path = Snapshotable.swift; sourceTree = "<group>"; };
		F248DA5E1D62B1FE00FE5DC1 /* SnapshotCollectionController.swift */ = {isa = PBXFileReference; fileEncoding = 4; lastKnownFileType = sourcecode.swift; path = SnapshotCollectionController.swift; sourceTree = "<group>"; };
		F248DA5F1D62B1FE00FE5DC1 /* SnapshotContainer.swift */ = {isa = PBXFileReference; fileEncoding = 4; lastKnownFileType = sourcecode.swift; path = SnapshotContainer.swift; sourceTree = "<group>"; };
		F248DA601D62B1FE00FE5DC1 /* SnapshotController.swift */ = {isa = PBXFileReference; fileEncoding = 4; lastKnownFileType = sourcecode.swift; path = SnapshotController.swift; sourceTree = "<group>"; };
		F248DA611D62B1FE00FE5DC1 /* Stack.swift */ = {isa = PBXFileReference; fileEncoding = 4; lastKnownFileType = sourcecode.swift; path = Stack.swift; sourceTree = "<group>"; };
		F248DA621D62B1FE00FE5DC1 /* State.swift */ = {isa = PBXFileReference; fileEncoding = 4; lastKnownFileType = sourcecode.swift; path = State.swift; sourceTree = "<group>"; };
		F248DA631D62B1FE00FE5DC1 /* StateContainer.swift */ = {isa = PBXFileReference; fileEncoding = 4; lastKnownFileType = sourcecode.swift; path = StateContainer.swift; sourceTree = "<group>"; };
		F248DA641D62B1FE00FE5DC1 /* StateExecuter.swift */ = {isa = PBXFileReference; fileEncoding = 4; lastKnownFileType = sourcecode.swift; path = StateExecuter.swift; sourceTree = "<group>"; };
		F248DA651D62B1FE00FE5DC1 /* StateExecuterDelegator.swift */ = {isa = PBXFileReference; fileEncoding = 4; lastKnownFileType = sourcecode.swift; path = StateExecuterDelegator.swift; sourceTree = "<group>"; };
		F248DA661D62B1FE00FE5DC1 /* StateType.swift */ = {isa = PBXFileReference; fileEncoding = 4; lastKnownFileType = sourcecode.swift; path = StateType.swift; sourceTree = "<group>"; };
		F248DA671D62B1FE00FE5DC1 /* Suspendable.swift */ = {isa = PBXFileReference; fileEncoding = 4; lastKnownFileType = sourcecode.swift; path = Suspendable.swift; sourceTree = "<group>"; };
		F248DA751D62B1FE00FE5DC1 /* Transition.swift */ = {isa = PBXFileReference; fileEncoding = 4; lastKnownFileType = sourcecode.swift; path = Transition.swift; sourceTree = "<group>"; };
		F248DA761D62B1FE00FE5DC1 /* Transitionable.swift */ = {isa = PBXFileReference; fileEncoding = 4; lastKnownFileType = sourcecode.swift; path = Transitionable.swift; sourceTree = "<group>"; };
		F248DA771D62B1FE00FE5DC1 /* TransitionType.swift */ = {isa = PBXFileReference; fileEncoding = 4; lastKnownFileType = sourcecode.swift; path = TransitionType.swift; sourceTree = "<group>"; };
		F248DA781D62B1FE00FE5DC1 /* Variables.swift */ = {isa = PBXFileReference; fileEncoding = 4; lastKnownFileType = sourcecode.swift; path = Variables.swift; sourceTree = "<group>"; };
		F248DA791D62B1FE00FE5DC1 /* VariablesContainer.swift */ = {isa = PBXFileReference; fileEncoding = 4; lastKnownFileType = sourcecode.swift; path = VariablesContainer.swift; sourceTree = "<group>"; };
		F248DA7A1D62B1FE00FE5DC1 /* Whiteboard.swift */ = {isa = PBXFileReference; fileEncoding = 4; lastKnownFileType = sourcecode.swift; path = Whiteboard.swift; sourceTree = "<group>"; };
		F248DA7B1D62B1FE00FE5DC1 /* WhiteboardBehaviour.swift */ = {isa = PBXFileReference; fileEncoding = 4; lastKnownFileType = sourcecode.swift; path = WhiteboardBehaviour.swift; sourceTree = "<group>"; };
		F248DA7C1D62B1FE00FE5DC1 /* WhiteboardCollection.swift */ = {isa = PBXFileReference; fileEncoding = 4; lastKnownFileType = sourcecode.swift; path = WhiteboardCollection.swift; sourceTree = "<group>"; };
		F2A59C941CF830D600E218C3 /* FSMTests.xctest */ = {isa = PBXFileReference; explicitFileType = wrapper.cfbundle; includeInIndex = 0; path = FSMTests.xctest; sourceTree = BUILT_PRODUCTS_DIR; };
		F2A59C981CF830D600E218C3 /* Info.plist */ = {isa = PBXFileReference; lastKnownFileType = text.plist.xml; path = Info.plist; sourceTree = "<group>"; };
		F2A59C9F1CF8311B00E218C3 /* BehaviourTests.swift */ = {isa = PBXFileReference; fileEncoding = 4; lastKnownFileType = sourcecode.swift; path = BehaviourTests.swift; sourceTree = "<group>"; };
		F2A59CA01CF8311B00E218C3 /* CArrayTests.swift */ = {isa = PBXFileReference; fileEncoding = 4; lastKnownFileType = sourcecode.swift; path = CArrayTests.swift; sourceTree = "<group>"; };
		F2A59CA11CF8311B00E218C3 /* Count.swift */ = {isa = PBXFileReference; fileEncoding = 4; lastKnownFileType = sourcecode.swift; path = Count.swift; sourceTree = "<group>"; };
		F2A59CA21CF8311B00E218C3 /* FactoriesTests.swift */ = {isa = PBXFileReference; fileEncoding = 4; lastKnownFileType = sourcecode.swift; path = FactoriesTests.swift; sourceTree = "<group>"; };
		F2A59CA31CF8311B00E218C3 /* FSM_tests-Bridging-Header.h */ = {isa = PBXFileReference; fileEncoding = 4; lastKnownFileType = sourcecode.c.h; path = "FSM_tests-Bridging-Header.h"; sourceTree = "<group>"; };
		F2A59CA41CF8311B00E218C3 /* FunctionalOptionalTests.swift */ = {isa = PBXFileReference; fileEncoding = 4; lastKnownFileType = sourcecode.swift; path = FunctionalOptionalTests.swift; sourceTree = "<group>"; };
		F2A59CA51CF8311B00E218C3 /* GenericWhiteboardTests.swift */ = {isa = PBXFileReference; fileEncoding = 4; lastKnownFileType = sourcecode.swift; path = GenericWhiteboardTests.swift; sourceTree = "<group>"; };
		F2A59CA61CF8311B00E218C3 /* Info.plist */ = {isa = PBXFileReference; fileEncoding = 4; lastKnownFileType = text.plist.xml; path = Info.plist; sourceTree = "<group>"; };
		F2A59CA71CF8311B00E218C3 /* main.swift */ = {isa = PBXFileReference; fileEncoding = 4; lastKnownFileType = sourcecode.swift; path = main.swift; sourceTree = "<group>"; };
		F2A59CA91CF8311B00E218C3 /* wb_count.h */ = {isa = PBXFileReference; fileEncoding = 4; lastKnownFileType = sourcecode.c.h; path = wb_count.h; sourceTree = "<group>"; };
		F2A59CAA1CF8311B00E218C3 /* WhiteboardBehaviourTests.swift */ = {isa = PBXFileReference; fileEncoding = 4; lastKnownFileType = sourcecode.swift; path = WhiteboardBehaviourTests.swift; sourceTree = "<group>"; };
		F2B159611CF42A9700D43564 /* libFSM.dylib */ = {isa = PBXFileReference; explicitFileType = "compiled.mach-o.dylib"; includeInIndex = 0; path = libFSM.dylib; sourceTree = BUILT_PRODUCTS_DIR; };
		F2B159DF1CF5509700D43564 /* gusimplewhiteboard.c */ = {isa = PBXFileReference; fileEncoding = 4; lastKnownFileType = sourcecode.c.c; name = gusimplewhiteboard.c; path = ../../gusimplewhiteboard/gusimplewhiteboard.c; sourceTree = "<group>"; };
		F2B159E31CF550F100D43564 /* guwhiteboardtypelist_c_typestrings_generated.c */ = {isa = PBXFileReference; fileEncoding = 4; lastKnownFileType = sourcecode.c.c; name = guwhiteboardtypelist_c_typestrings_generated.c; path = ../../gusimplewhiteboard/guwhiteboardtypelist_c_typestrings_generated.c; sourceTree = "<group>"; };
/* End PBXFileReference section */

/* Begin PBXFrameworksBuildPhase section */
		F2A59C911CF830D600E218C3 /* Frameworks */ = {
			isa = PBXFrameworksBuildPhase;
			buildActionMask = 2147483647;
			files = (
				F2A59C991CF830D600E218C3 /* libFSM.dylib in Frameworks */,
			);
			runOnlyForDeploymentPostprocessing = 0;
		};
		F2B1595E1CF42A9700D43564 /* Frameworks */ = {
			isa = PBXFrameworksBuildPhase;
			buildActionMask = 2147483647;
			files = (
			);
			runOnlyForDeploymentPostprocessing = 0;
		};
/* End PBXFrameworksBuildPhase section */

/* Begin PBXGroup section */
		F2A59C951CF830D600E218C3 /* tests */ = {
			isa = PBXGroup;
			children = (
				F2A59C9F1CF8311B00E218C3 /* BehaviourTests.swift */,
				F2A59CA01CF8311B00E218C3 /* CArrayTests.swift */,
				F2A59CA11CF8311B00E218C3 /* Count.swift */,
				F2A59CA21CF8311B00E218C3 /* FactoriesTests.swift */,
				F2A59CA31CF8311B00E218C3 /* FSM_tests-Bridging-Header.h */,
				F2A59CA41CF8311B00E218C3 /* FunctionalOptionalTests.swift */,
				F2A59CA51CF8311B00E218C3 /* GenericWhiteboardTests.swift */,
				F2A59CA61CF8311B00E218C3 /* Info.plist */,
				F2A59CA71CF8311B00E218C3 /* main.swift */,
				F2A59CA91CF8311B00E218C3 /* wb_count.h */,
				F2A59CAA1CF8311B00E218C3 /* WhiteboardBehaviourTests.swift */,
				F2A59C981CF830D600E218C3 /* Info.plist */,
			);
			path = tests;
			sourceTree = "<group>";
		};
		F2B159581CF42A9700D43564 = {
			isa = PBXGroup;
			children = (
				F248DA231D62B1FE00FE5DC1 /* aliases.swift */,
				F248DA241D62B1FE00FE5DC1 /* AnyScheduleableFiniteStateMachine.swift */,
				F248DA251D62B1FE00FE5DC1 /* AnyState.swift */,
				F248DA261D62B1FE00FE5DC1 /* Behaviour.swift */,
				F248DA2F1D62B1FE00FE5DC1 /* CallbackState.swift */,
				F248DA301D62B1FE00FE5DC1 /* CArray.swift */,
				F248DA311D62B1FE00FE5DC1 /* ConvertibleCArray.swift */,
				F248DA321D62B1FE00FE5DC1 /* EmptyGlobalVariablesContainer.swift */,
				F248DA331D62B1FE00FE5DC1 /* EmptySnapshotable.swift */,
				F248DA341D62B1FE00FE5DC1 /* EmptyState.swift */,
				F248DA351D62B1FE00FE5DC1 /* EmptyVariables.swift */,
				F248DA361D62B1FE00FE5DC1 /* Exitable.swift */,
				F248DA371D62B1FE00FE5DC1 /* ExitableStateExecuter.swift */,
				F248DA381D62B1FE00FE5DC1 /* Factories.swift */,
				F248DA391D62B1FE00FE5DC1 /* Finishable.swift */,
				F248DA3A1D62B1FE00FE5DC1 /* FiniteStateMachine.swift */,
				F248DA3B1D62B1FE00FE5DC1 /* FiniteStateMachineType.swift */,
				F248DA3C1D62B1FE00FE5DC1 /* FSM-Bridging-Header.h */,
				F248DA3D1D62B1FE00FE5DC1 /* FSM.swift */,
				F248DA3E1D62B1FE00FE5DC1 /* FunctionalArray.swift */,
				F248DA3F1D62B1FE00FE5DC1 /* FunctionalOperators.swift */,
				F248DA401D62B1FE00FE5DC1 /* FunctionalOptional.swift */,
				F248DA411D62B1FE00FE5DC1 /* FunctionalSequence.swift */,
				F248DA421D62B1FE00FE5DC1 /* GenericWhiteboard.swift */,
				F248DA431D62B1FE00FE5DC1 /* globals.swift */,
				F248DA441D62B1FE00FE5DC1 /* GlobalVariables.swift */,
				F248DA451D62B1FE00FE5DC1 /* GlobalVariablesCollection.swift */,
				F248DA461D62B1FE00FE5DC1 /* GlobalVariablesContainer.swift */,
				F248DA471D62B1FE00FE5DC1 /* GNUmakefile */,
				F248DA481D62B1FE00FE5DC1 /* Identifiable.swift */,
				F248DA491D62B1FE00FE5DC1 /* jazzy.json */,
				F248DA4A1D62B1FE00FE5DC1 /* KripkeCollection.swift */,
				F248DA4B1D62B1FE00FE5DC1 /* KripkeFiniteStateMachine.swift */,
				F248DA4C1D62B1FE00FE5DC1 /* KripkeMiPalRinglet.swift */,
				F248DA4D1D62B1FE00FE5DC1 /* KripkeMiPalRingletFactory.swift */,
				F248DA4E1D62B1FE00FE5DC1 /* KripkeRinglet.swift */,
				F248DA4F1D62B1FE00FE5DC1 /* KripkeStateProperty.swift */,
				F248DA501D62B1FE00FE5DC1 /* KripkeStatePropertyList.swift */,
				F248DA511D62B1FE00FE5DC1 /* KripkeStatePropertyTypes.swift */,
				F248DA521D62B1FE00FE5DC1 /* Makefile */,
				F248DA531D62B1FE00FE5DC1 /* MiPalActions.swift */,
				F248DA541D62B1FE00FE5DC1 /* MiPalRinglet.swift */,
				F248DA551D62B1FE00FE5DC1 /* MiPalRingletFactory.swift */,
				F248DA561D62B1FE00FE5DC1 /* MirrorPropertyExtractor.swift */,
				F248DA571D62B1FE00FE5DC1 /* MutableSnapshotable.swift */,
				F248DA581D62B1FE00FE5DC1 /* OptimizedStateExecuter.swift */,
				F248DA591D62B1FE00FE5DC1 /* PropertiesExtractor.swift */,
				F248DA5A1D62B1FE00FE5DC1 /* Restartable.swift */,
				F248DA5B1D62B1FE00FE5DC1 /* Resumeable.swift */,
				F248DA5C1D62B1FE00FE5DC1 /* Ringlet.swift */,
				F248DA5D1D62B1FE00FE5DC1 /* Snapshotable.swift */,
				F248DA5E1D62B1FE00FE5DC1 /* SnapshotCollectionController.swift */,
				F248DA5F1D62B1FE00FE5DC1 /* SnapshotContainer.swift */,
				F248DA601D62B1FE00FE5DC1 /* SnapshotController.swift */,
				F248DA611D62B1FE00FE5DC1 /* Stack.swift */,
				F248DA621D62B1FE00FE5DC1 /* State.swift */,
				F248DA631D62B1FE00FE5DC1 /* StateContainer.swift */,
				F248DA641D62B1FE00FE5DC1 /* StateExecuter.swift */,
				F248DA651D62B1FE00FE5DC1 /* StateExecuterDelegator.swift */,
				F248DA661D62B1FE00FE5DC1 /* StateType.swift */,
				F248DA671D62B1FE00FE5DC1 /* Suspendable.swift */,
				F248DA751D62B1FE00FE5DC1 /* Transition.swift */,
				F248DA761D62B1FE00FE5DC1 /* Transitionable.swift */,
				F248DA771D62B1FE00FE5DC1 /* TransitionType.swift */,
				F248DA781D62B1FE00FE5DC1 /* Variables.swift */,
				F248DA791D62B1FE00FE5DC1 /* VariablesContainer.swift */,
				F248DA7A1D62B1FE00FE5DC1 /* Whiteboard.swift */,
				F248DA7B1D62B1FE00FE5DC1 /* WhiteboardBehaviour.swift */,
				F248DA7C1D62B1FE00FE5DC1 /* WhiteboardCollection.swift */,
				F2B159DF1CF5509700D43564 /* gusimplewhiteboard.c */,
				F2B159E31CF550F100D43564 /* guwhiteboardtypelist_c_typestrings_generated.c */,
				F2A59C951CF830D600E218C3 /* tests */,
				F2B159621CF42A9700D43564 /* Products */,
			);
			sourceTree = "<group>";
		};
		F2B159621CF42A9700D43564 /* Products */ = {
			isa = PBXGroup;
			children = (
				F2B159611CF42A9700D43564 /* libFSM.dylib */,
				F2A59C941CF830D600E218C3 /* FSMTests.xctest */,
			);
			name = Products;
			sourceTree = "<group>";
		};
/* End PBXGroup section */

/* Begin PBXHeadersBuildPhase section */
		F2B1595F1CF42A9700D43564 /* Headers */ = {
			isa = PBXHeadersBuildPhase;
			buildActionMask = 2147483647;
			files = (
				F248DA931D62B1FE00FE5DC1 /* FSM-Bridging-Header.h in Headers */,
			);
			runOnlyForDeploymentPostprocessing = 0;
		};
/* End PBXHeadersBuildPhase section */

/* Begin PBXNativeTarget section */
		F2A59C931CF830D600E218C3 /* FSMTests */ = {
			isa = PBXNativeTarget;
			buildConfigurationList = F2A59C9C1CF830D600E218C3 /* Build configuration list for PBXNativeTarget "FSMTests" */;
			buildPhases = (
				F2A59C901CF830D600E218C3 /* Sources */,
				F2A59C911CF830D600E218C3 /* Frameworks */,
				F2A59C921CF830D600E218C3 /* Resources */,
			);
			buildRules = (
			);
			dependencies = (
				F2A59C9B1CF830D600E218C3 /* PBXTargetDependency */,
			);
			name = FSMTests;
			productName = tests;
			productReference = F2A59C941CF830D600E218C3 /* FSMTests.xctest */;
			productType = "com.apple.product-type.bundle.unit-test";
		};
		F2B159601CF42A9700D43564 /* FSM */ = {
			isa = PBXNativeTarget;
			buildConfigurationList = F2B159651CF42A9700D43564 /* Build configuration list for PBXNativeTarget "FSM" */;
			buildPhases = (
				F2B1595D1CF42A9700D43564 /* Sources */,
				F2B1595E1CF42A9700D43564 /* Frameworks */,
				F2B1595F1CF42A9700D43564 /* Headers */,
			);
			buildRules = (
			);
			dependencies = (
			);
			name = FSM;
			productName = FSM;
			productReference = F2B159611CF42A9700D43564 /* libFSM.dylib */;
			productType = "com.apple.product-type.library.dynamic";
		};
/* End PBXNativeTarget section */

/* Begin PBXProject section */
		F2B159591CF42A9700D43564 /* Project object */ = {
			isa = PBXProject;
			attributes = {
				LastSwiftUpdateCheck = 0730;
				LastUpgradeCheck = 0730;
				ORGANIZATIONNAME = "Callum McColl";
				TargetAttributes = {
					F2A59C931CF830D600E218C3 = {
						CreatedOnToolsVersion = 7.3;
					};
					F2B159601CF42A9700D43564 = {
						CreatedOnToolsVersion = 7.3;
					};
				};
			};
			buildConfigurationList = F2B1595C1CF42A9700D43564 /* Build configuration list for PBXProject "FSM" */;
			compatibilityVersion = "Xcode 3.2";
			developmentRegion = English;
			hasScannedForEncodings = 0;
			knownRegions = (
				en,
			);
			mainGroup = F2B159581CF42A9700D43564;
			productRefGroup = F2B159621CF42A9700D43564 /* Products */;
			projectDirPath = "";
			projectRoot = "";
			targets = (
				F2B159601CF42A9700D43564 /* FSM */,
				F2A59C931CF830D600E218C3 /* FSMTests */,
			);
		};
/* End PBXProject section */

/* Begin PBXResourcesBuildPhase section */
		F2A59C921CF830D600E218C3 /* Resources */ = {
			isa = PBXResourcesBuildPhase;
			buildActionMask = 2147483647;
			files = (
				F2A59CB11CF8311B00E218C3 /* Info.plist in Resources */,
			);
			runOnlyForDeploymentPostprocessing = 0;
		};
/* End PBXResourcesBuildPhase section */

/* Begin PBXSourcesBuildPhase section */
		F2A59C901CF830D600E218C3 /* Sources */ = {
			isa = PBXSourcesBuildPhase;
			buildActionMask = 2147483647;
			files = (
				F2A59CB41CF8311B00E218C3 /* WhiteboardBehaviourTests.swift in Sources */,
				F2A59CAE1CF8311B00E218C3 /* FactoriesTests.swift in Sources */,
				F2A59CAF1CF8311B00E218C3 /* FunctionalOptionalTests.swift in Sources */,
				F2A59CAC1CF8311B00E218C3 /* CArrayTests.swift in Sources */,
				F2A59CAB1CF8311B00E218C3 /* BehaviourTests.swift in Sources */,
				F2A59CAD1CF8311B00E218C3 /* Count.swift in Sources */,
				F2A59CB01CF8311B00E218C3 /* GenericWhiteboardTests.swift in Sources */,
			);
			runOnlyForDeploymentPostprocessing = 0;
		};
		F2B1595D1CF42A9700D43564 /* Sources */ = {
			isa = PBXSourcesBuildPhase;
			buildActionMask = 2147483647;
			files = (
				F248DAC71D62B1FF00FE5DC1 /* Transition.swift in Sources */,
				F248DABA1D62B1FF00FE5DC1 /* StateExecuterDelegator.swift in Sources */,
				F248DAAB1D62B1FF00FE5DC1 /* MirrorPropertyExtractor.swift in Sources */,
				F248DA9C1D62B1FE00FE5DC1 /* GlobalVariablesCollection.swift in Sources */,
				F248DA9D1D62B1FE00FE5DC1 /* GlobalVariablesContainer.swift in Sources */,
				F248DAB71D62B1FF00FE5DC1 /* State.swift in Sources */,
				F248DA891D62B1FE00FE5DC1 /* EmptyGlobalVariablesContainer.swift in Sources */,
				F248DA7E1D62B1FE00FE5DC1 /* AnyScheduleableFiniteStateMachine.swift in Sources */,
				F248DAA61D62B1FE00FE5DC1 /* KripkeStatePropertyTypes.swift in Sources */,
				F248DA941D62B1FE00FE5DC1 /* FSM.swift in Sources */,
				F248DA9B1D62B1FE00FE5DC1 /* GlobalVariables.swift in Sources */,
				F248DAC81D62B1FF00FE5DC1 /* Transitionable.swift in Sources */,
				F248DABC1D62B1FF00FE5DC1 /* Suspendable.swift in Sources */,
				F248DA871D62B1FE00FE5DC1 /* CArray.swift in Sources */,
				F248DAB51D62B1FF00FE5DC1 /* SnapshotController.swift in Sources */,
				F248DACE1D62B1FF00FE5DC1 /* WhiteboardCollection.swift in Sources */,
				F248DAB61D62B1FF00FE5DC1 /* Stack.swift in Sources */,
				F248DA961D62B1FE00FE5DC1 /* FunctionalOperators.swift in Sources */,
				F248DAA81D62B1FE00FE5DC1 /* MiPalActions.swift in Sources */,
				F248DA8E1D62B1FE00FE5DC1 /* ExitableStateExecuter.swift in Sources */,
				F248DAB31D62B1FF00FE5DC1 /* SnapshotCollectionController.swift in Sources */,
				F248DA921D62B1FE00FE5DC1 /* FiniteStateMachineType.swift in Sources */,
				F248DA8D1D62B1FE00FE5DC1 /* Exitable.swift in Sources */,
				F248DA971D62B1FE00FE5DC1 /* FunctionalOptional.swift in Sources */,
				F248DAC91D62B1FF00FE5DC1 /* TransitionType.swift in Sources */,
				F248DAB81D62B1FF00FE5DC1 /* StateContainer.swift in Sources */,
				F248DA8B1D62B1FE00FE5DC1 /* EmptyState.swift in Sources */,
				F248DA9E1D62B1FE00FE5DC1 /* Identifiable.swift in Sources */,
				F248DABB1D62B1FF00FE5DC1 /* StateType.swift in Sources */,
				F248DAAA1D62B1FF00FE5DC1 /* MiPalRingletFactory.swift in Sources */,
				F248DAAC1D62B1FF00FE5DC1 /* MutableSnapshotable.swift in Sources */,
				F248DACB1D62B1FF00FE5DC1 /* VariablesContainer.swift in Sources */,
				F248DAB21D62B1FF00FE5DC1 /* Snapshotable.swift in Sources */,
				F248DAB41D62B1FF00FE5DC1 /* SnapshotContainer.swift in Sources */,
				F248DACC1D62B1FF00FE5DC1 /* Whiteboard.swift in Sources */,
				F248DA7D1D62B1FE00FE5DC1 /* aliases.swift in Sources */,
				F248DA8C1D62B1FE00FE5DC1 /* EmptyVariables.swift in Sources */,
				F248DACA1D62B1FF00FE5DC1 /* Variables.swift in Sources */,
				F248DA9A1D62B1FE00FE5DC1 /* globals.swift in Sources */,
				F248DA951D62B1FE00FE5DC1 /* FunctionalArray.swift in Sources */,
				F248DAA21D62B1FE00FE5DC1 /* KripkeMiPalRingletFactory.swift in Sources */,
				F248DA8A1D62B1FE00FE5DC1 /* EmptySnapshotable.swift in Sources */,
				F248DAA51D62B1FE00FE5DC1 /* KripkeStatePropertyList.swift in Sources */,
				F248DAA91D62B1FF00FE5DC1 /* MiPalRinglet.swift in Sources */,
				F248DACD1D62B1FF00FE5DC1 /* WhiteboardBehaviour.swift in Sources */,
				F248DAA41D62B1FE00FE5DC1 /* KripkeStateProperty.swift in Sources */,
				F248DA861D62B1FE00FE5DC1 /* CallbackState.swift in Sources */,
				F248DAA01D62B1FE00FE5DC1 /* KripkeFiniteStateMachine.swift in Sources */,
				F248DA981D62B1FE00FE5DC1 /* FunctionalSequence.swift in Sources */,
				F248DA9F1D62B1FE00FE5DC1 /* KripkeCollection.swift in Sources */,
				F248DAB01D62B1FF00FE5DC1 /* Resumeable.swift in Sources */,
				F248DA8F1D62B1FE00FE5DC1 /* Factories.swift in Sources */,
				F248DAA11D62B1FE00FE5DC1 /* KripkeMiPalRinglet.swift in Sources */,
				F2B159E41CF550F100D43564 /* guwhiteboardtypelist_c_typestrings_generated.c in Sources */,
				F248DAAE1D62B1FF00FE5DC1 /* PropertiesExtractor.swift in Sources */,
				F248DAAD1D62B1FF00FE5DC1 /* OptimizedStateExecuter.swift in Sources */,
				F248DA911D62B1FE00FE5DC1 /* FiniteStateMachine.swift in Sources */,
				F248DAB11D62B1FF00FE5DC1 /* Ringlet.swift in Sources */,
				F248DAB91D62B1FF00FE5DC1 /* StateExecuter.swift in Sources */,
				F248DA801D62B1FE00FE5DC1 /* Behaviour.swift in Sources */,
				F248DA901D62B1FE00FE5DC1 /* Finishable.swift in Sources */,
				F248DA991D62B1FE00FE5DC1 /* GenericWhiteboard.swift in Sources */,
				F248DA881D62B1FE00FE5DC1 /* ConvertibleCArray.swift in Sources */,
				F2B159E01CF5509700D43564 /* gusimplewhiteboard.c in Sources */,
				F248DAAF1D62B1FF00FE5DC1 /* Restartable.swift in Sources */,
				F248DAA71D62B1FE00FE5DC1 /* Makefile in Sources */,
				F248DA7F1D62B1FE00FE5DC1 /* AnyState.swift in Sources */,
				F248DAA31D62B1FE00FE5DC1 /* KripkeRinglet.swift in Sources */,
			);
			runOnlyForDeploymentPostprocessing = 0;
		};
/* End PBXSourcesBuildPhase section */

/* Begin PBXTargetDependency section */
		F2A59C9B1CF830D600E218C3 /* PBXTargetDependency */ = {
			isa = PBXTargetDependency;
			target = F2B159601CF42A9700D43564 /* FSM */;
			targetProxy = F2A59C9A1CF830D600E218C3 /* PBXContainerItemProxy */;
		};
/* End PBXTargetDependency section */

/* Begin XCBuildConfiguration section */
		F2A59C9D1CF830D600E218C3 /* Debug */ = {
			isa = XCBuildConfiguration;
			buildSettings = {
				ALWAYS_SEARCH_USER_PATHS = NO;
				COMBINE_HIDPI_IMAGES = YES;
				HEADER_SEARCH_PATHS = (
					"\"$(SRCROOT)/../../gusimplewhiteboard\"",
					"\"/usr/local/include\"",
					"\"/opt/local/include\"",
					"\"$(SRCROOT)\"",
					"\"$(SRCROOT)/tests\"",
					"\"$(SRCROOT)/../../\"",
					"\"$(SRCROOT)/../../../Common\"",
				);
				INFOPLIST_FILE = tests/Info.plist;
				LD_RUNPATH_SEARCH_PATHS = "$(inherited) @executable_path/../Frameworks @loader_path/../Frameworks";
				PRODUCT_BUNDLE_IDENTIFIER = au.net.mipal.tests;
				PRODUCT_NAME = "$(TARGET_NAME)";
				SWIFT_OBJC_BRIDGING_HEADER = "tests/FSM_tests-Bridging-Header.h";
				SWIFT_OPTIMIZATION_LEVEL = "-Onone";
				USER_HEADER_SEARCH_PATHS = "";
			};
			name = Debug;
		};
		F2A59C9E1CF830D600E218C3 /* Release */ = {
			isa = XCBuildConfiguration;
			buildSettings = {
				ALWAYS_SEARCH_USER_PATHS = NO;
				COMBINE_HIDPI_IMAGES = YES;
				HEADER_SEARCH_PATHS = (
					"\"$(SRCROOT)/../../gusimplewhiteboard\"",
					"\"/usr/local/include\"",
					"\"/opt/local/include\"",
					"\"$(SRCROOT)\"",
					"\"$(SRCROOT)/tests\"",
					"\"$(SRCROOT)/../../\"",
					"\"$(SRCROOT)/../../../Common\"",
				);
				INFOPLIST_FILE = tests/Info.plist;
				LD_RUNPATH_SEARCH_PATHS = "$(inherited) @executable_path/../Frameworks @loader_path/../Frameworks";
				PRODUCT_BUNDLE_IDENTIFIER = au.net.mipal.tests;
				PRODUCT_NAME = "$(TARGET_NAME)";
				SWIFT_OBJC_BRIDGING_HEADER = "tests/FSM_tests-Bridging-Header.h";
				USER_HEADER_SEARCH_PATHS = "";
			};
			name = Release;
		};
		F2B159631CF42A9700D43564 /* Debug */ = {
			isa = XCBuildConfiguration;
			buildSettings = {
				ALWAYS_SEARCH_USER_PATHS = NO;
				CLANG_ANALYZER_NONNULL = YES;
				CLANG_CXX_LANGUAGE_STANDARD = "gnu++0x";
				CLANG_CXX_LIBRARY = "libc++";
				CLANG_ENABLE_MODULES = YES;
				CLANG_ENABLE_OBJC_ARC = YES;
				CLANG_WARN_BOOL_CONVERSION = YES;
				CLANG_WARN_CONSTANT_CONVERSION = YES;
				CLANG_WARN_DIRECT_OBJC_ISA_USAGE = YES_ERROR;
				CLANG_WARN_EMPTY_BODY = YES;
				CLANG_WARN_ENUM_CONVERSION = YES;
				CLANG_WARN_INT_CONVERSION = YES;
				CLANG_WARN_OBJC_ROOT_CLASS = YES_ERROR;
				CLANG_WARN_UNREACHABLE_CODE = YES;
				CLANG_WARN__DUPLICATE_METHOD_MATCH = YES;
				CODE_SIGN_IDENTITY = "-";
				COPY_PHASE_STRIP = NO;
				DEBUG_INFORMATION_FORMAT = dwarf;
				ENABLE_STRICT_OBJC_MSGSEND = YES;
				ENABLE_TESTABILITY = YES;
				GCC_C_LANGUAGE_STANDARD = gnu99;
				GCC_DYNAMIC_NO_PIC = NO;
				GCC_NO_COMMON_BLOCKS = YES;
				GCC_OPTIMIZATION_LEVEL = 0;
				GCC_PREPROCESSOR_DEFINITIONS = (
					"DEBUG=1",
					"$(inherited)",
				);
				GCC_WARN_64_TO_32_BIT_CONVERSION = YES;
				GCC_WARN_ABOUT_RETURN_TYPE = YES_ERROR;
				GCC_WARN_UNDECLARED_SELECTOR = YES;
				GCC_WARN_UNINITIALIZED_AUTOS = YES_AGGRESSIVE;
				GCC_WARN_UNUSED_FUNCTION = YES;
				GCC_WARN_UNUSED_VARIABLE = YES;
				MACOSX_DEPLOYMENT_TARGET = 10.11;
				MTL_ENABLE_DEBUG_INFO = YES;
				ONLY_ACTIVE_ARCH = YES;
				SDKROOT = macosx;
				SWIFT_VERSION = 3.0;
			};
			name = Debug;
		};
		F2B159641CF42A9700D43564 /* Release */ = {
			isa = XCBuildConfiguration;
			buildSettings = {
				ALWAYS_SEARCH_USER_PATHS = NO;
				CLANG_ANALYZER_NONNULL = YES;
				CLANG_CXX_LANGUAGE_STANDARD = "gnu++0x";
				CLANG_CXX_LIBRARY = "libc++";
				CLANG_ENABLE_MODULES = YES;
				CLANG_ENABLE_OBJC_ARC = YES;
				CLANG_WARN_BOOL_CONVERSION = YES;
				CLANG_WARN_CONSTANT_CONVERSION = YES;
				CLANG_WARN_DIRECT_OBJC_ISA_USAGE = YES_ERROR;
				CLANG_WARN_EMPTY_BODY = YES;
				CLANG_WARN_ENUM_CONVERSION = YES;
				CLANG_WARN_INT_CONVERSION = YES;
				CLANG_WARN_OBJC_ROOT_CLASS = YES_ERROR;
				CLANG_WARN_UNREACHABLE_CODE = YES;
				CLANG_WARN__DUPLICATE_METHOD_MATCH = YES;
				CODE_SIGN_IDENTITY = "-";
				COPY_PHASE_STRIP = NO;
				DEBUG_INFORMATION_FORMAT = "dwarf-with-dsym";
				ENABLE_NS_ASSERTIONS = NO;
				ENABLE_STRICT_OBJC_MSGSEND = YES;
				GCC_C_LANGUAGE_STANDARD = gnu99;
				GCC_NO_COMMON_BLOCKS = YES;
				GCC_WARN_64_TO_32_BIT_CONVERSION = YES;
				GCC_WARN_ABOUT_RETURN_TYPE = YES_ERROR;
				GCC_WARN_UNDECLARED_SELECTOR = YES;
				GCC_WARN_UNINITIALIZED_AUTOS = YES_AGGRESSIVE;
				GCC_WARN_UNUSED_FUNCTION = YES;
				GCC_WARN_UNUSED_VARIABLE = YES;
				MACOSX_DEPLOYMENT_TARGET = 10.11;
				MTL_ENABLE_DEBUG_INFO = NO;
				SDKROOT = macosx;
				SWIFT_VERSION = 3.0;
			};
			name = Release;
		};
		F2B159661CF42A9700D43564 /* Debug */ = {
			isa = XCBuildConfiguration;
			buildSettings = {
				ALWAYS_SEARCH_USER_PATHS = NO;
				CLANG_ENABLE_MODULES = YES;
				DYLIB_COMPATIBILITY_VERSION = 1;
				DYLIB_CURRENT_VERSION = 1;
				EXECUTABLE_PREFIX = lib;
				FRAMEWORK_SEARCH_PATHS = "";
				HEADER_SEARCH_PATHS = (
					"\"$(SRCROOT)/build.host\"",
					"\"$(SRCROOT)/../../gusimplewhiteboard\"",
					"\"$(SRCROOT)/../../../Common\"",
					"\"$(SRCROOT)/../../cdl/gucdlmodule\"",
					"\"$(SRCROOT)/../../cdl/Engine\"",
					"\"/usr/local/include\"",
					"\"/opt/local/include\"",
				);
				LD_RUNPATH_SEARCH_PATHS = "$(inherited) @executable_path/../Frameworks @loader_path/../Frameworks";
				PRODUCT_NAME = "$(TARGET_NAME)";
				SWIFT_INCLUDE_PATHS = "../../../Common/** ../../ ../../gusimplewhiteboard/**";
				SWIFT_OBJC_BRIDGING_HEADER = "FSM-Bridging-Header.h";
				SWIFT_OPTIMIZATION_LEVEL = "-Onone";
				USER_HEADER_SEARCH_PATHS = "../../gusimplewhiteboard/ ../../ ../../../Common";
			};
			name = Debug;
		};
		F2B159671CF42A9700D43564 /* Release */ = {
			isa = XCBuildConfiguration;
			buildSettings = {
				ALWAYS_SEARCH_USER_PATHS = NO;
				CLANG_ENABLE_MODULES = YES;
				DYLIB_COMPATIBILITY_VERSION = 1;
				DYLIB_CURRENT_VERSION = 1;
				EXECUTABLE_PREFIX = lib;
				FRAMEWORK_SEARCH_PATHS = "";
				HEADER_SEARCH_PATHS = (
					"\"$(SRCROOT)/build.host\"",
					"\"$(SRCROOT)/../../gusimplewhiteboard\"",
					"\"$(SRCROOT)/../../../Common\"",
					"\"$(SRCROOT)/../../cdl/gucdlmodule\"",
					"\"$(SRCROOT)/../../cdl/Engine\"",
					"\"/usr/local/include\"",
					"\"/opt/local/include\"",
				);
				LD_RUNPATH_SEARCH_PATHS = "$(inherited) @executable_path/../Frameworks @loader_path/../Frameworks";
				PRODUCT_NAME = "$(TARGET_NAME)";
				SWIFT_INCLUDE_PATHS = "../../../Common/** ../../ ../../gusimplewhiteboard/**";
				SWIFT_OBJC_BRIDGING_HEADER = "FSM-Bridging-Header.h";
				USER_HEADER_SEARCH_PATHS = "../../gusimplewhiteboard/ ../../ ../../../Common";
			};
			name = Release;
		};
/* End XCBuildConfiguration section */

/* Begin XCConfigurationList section */
		F2A59C9C1CF830D600E218C3 /* Build configuration list for PBXNativeTarget "FSMTests" */ = {
			isa = XCConfigurationList;
			buildConfigurations = (
				F2A59C9D1CF830D600E218C3 /* Debug */,
				F2A59C9E1CF830D600E218C3 /* Release */,
			);
			defaultConfigurationIsVisible = 0;
			defaultConfigurationName = Release;
		};
		F2B1595C1CF42A9700D43564 /* Build configuration list for PBXProject "FSM" */ = {
			isa = XCConfigurationList;
			buildConfigurations = (
				F2B159631CF42A9700D43564 /* Debug */,
				F2B159641CF42A9700D43564 /* Release */,
			);
			defaultConfigurationIsVisible = 0;
			defaultConfigurationName = Release;
		};
		F2B159651CF42A9700D43564 /* Build configuration list for PBXNativeTarget "FSM" */ = {
			isa = XCConfigurationList;
			buildConfigurations = (
				F2B159661CF42A9700D43564 /* Debug */,
				F2B159671CF42A9700D43564 /* Release */,
			);
			defaultConfigurationIsVisible = 0;
			defaultConfigurationName = Release;
		};
/* End XCConfigurationList section */
	};
	rootObject = F2B159591CF42A9700D43564 /* Project object */;
}
