// !$*UTF8*$!
{
	archiveVersion = 1;
	classes = {
	};
	objectVersion = 46;
	objects = {

/* Begin PBXBuildFile section */
		F2A59C991CF830D600E218C3 /* libFSM.dylib in Frameworks */ = {isa = PBXBuildFile; fileRef = F2B159611CF42A9700D43564 /* libFSM.dylib */; };
		F2A59CAB1CF8311B00E218C3 /* BehaviourTests.swift in Sources */ = {isa = PBXBuildFile; fileRef = F2A59C9F1CF8311B00E218C3 /* BehaviourTests.swift */; };
		F2A59CAC1CF8311B00E218C3 /* CArrayTests.swift in Sources */ = {isa = PBXBuildFile; fileRef = F2A59CA01CF8311B00E218C3 /* CArrayTests.swift */; };
		F2A59CAD1CF8311B00E218C3 /* Count.swift in Sources */ = {isa = PBXBuildFile; fileRef = F2A59CA11CF8311B00E218C3 /* Count.swift */; };
		F2A59CAE1CF8311B00E218C3 /* FactoriesTests.swift in Sources */ = {isa = PBXBuildFile; fileRef = F2A59CA21CF8311B00E218C3 /* FactoriesTests.swift */; };
		F2A59CAF1CF8311B00E218C3 /* FunctionalOptionalTests.swift in Sources */ = {isa = PBXBuildFile; fileRef = F2A59CA41CF8311B00E218C3 /* FunctionalOptionalTests.swift */; };
		F2A59CB01CF8311B00E218C3 /* GenericWhiteboardTests.swift in Sources */ = {isa = PBXBuildFile; fileRef = F2A59CA51CF8311B00E218C3 /* GenericWhiteboardTests.swift */; };
		F2A59CB11CF8311B00E218C3 /* Info.plist in Resources */ = {isa = PBXBuildFile; fileRef = F2A59CA61CF8311B00E218C3 /* Info.plist */; };
		F2A59CB41CF8311B00E218C3 /* WhiteboardBehaviourTests.swift in Sources */ = {isa = PBXBuildFile; fileRef = F2A59CAA1CF8311B00E218C3 /* WhiteboardBehaviourTests.swift */; };
		F2A9EB141DC64ED000147681 /* aliases.swift in Sources */ = {isa = PBXBuildFile; fileRef = F2A9EAB21DC64ED000147681 /* aliases.swift */; };
		F2A9EB151DC64ED000147681 /* AnyScheduleableFiniteStateMachine.swift in Sources */ = {isa = PBXBuildFile; fileRef = F2A9EAB31DC64ED000147681 /* AnyScheduleableFiniteStateMachine.swift */; };
		F2A9EB161DC64ED000147681 /* AnyState.swift in Sources */ = {isa = PBXBuildFile; fileRef = F2A9EAB41DC64ED000147681 /* AnyState.swift */; };
		F2A9EB171DC64ED000147681 /* Behaviour.swift in Sources */ = {isa = PBXBuildFile; fileRef = F2A9EAB51DC64ED000147681 /* Behaviour.swift */; };
		F2A9EB181DC64ED000147681 /* CallbackMiPalState.swift in Sources */ = {isa = PBXBuildFile; fileRef = F2A9EAB61DC64ED000147681 /* CallbackMiPalState.swift */; };
		F2A9EB191DC64ED000147681 /* CArray.swift in Sources */ = {isa = PBXBuildFile; fileRef = F2A9EAB71DC64ED000147681 /* CArray.swift */; };
		F2A9EB1A1DC64ED000147681 /* Cloneable.swift in Sources */ = {isa = PBXBuildFile; fileRef = F2A9EAB81DC64ED000147681 /* Cloneable.swift */; };
		F2A9EB1B1DC64ED000147681 /* CloneableState.swift in Sources */ = {isa = PBXBuildFile; fileRef = F2A9EAB91DC64ED000147681 /* CloneableState.swift */; };
		F2A9EB1C1DC64ED000147681 /* ConvertibleCArray.swift in Sources */ = {isa = PBXBuildFile; fileRef = F2A9EABA1DC64ED000147681 /* ConvertibleCArray.swift */; };
		F2A9EB1D1DC64ED000147681 /* CycleDetector.swift in Sources */ = {isa = PBXBuildFile; fileRef = F2A9EABB1DC64ED000147681 /* CycleDetector.swift */; };
		F2A9EB1E1DC64ED000147681 /* Dictionary.swift in Sources */ = {isa = PBXBuildFile; fileRef = F2A9EABC1DC64ED000147681 /* Dictionary.swift */; };
		F2A9EB1F1DC64ED000147681 /* EmptyGlobalVariablesContainer.swift in Sources */ = {isa = PBXBuildFile; fileRef = F2A9EABD1DC64ED000147681 /* EmptyGlobalVariablesContainer.swift */; };
		F2A9EB201DC64ED000147681 /* EmptyMiPalState.swift in Sources */ = {isa = PBXBuildFile; fileRef = F2A9EABE1DC64ED000147681 /* EmptyMiPalState.swift */; };
		F2A9EB211DC64ED000147681 /* EmptySnapshotable.swift in Sources */ = {isa = PBXBuildFile; fileRef = F2A9EABF1DC64ED000147681 /* EmptySnapshotable.swift */; };
		F2A9EB221DC64ED000147681 /* EmptyVariables.swift in Sources */ = {isa = PBXBuildFile; fileRef = F2A9EAC01DC64ED000147681 /* EmptyVariables.swift */; };
		F2A9EB231DC64ED000147681 /* Exitable.swift in Sources */ = {isa = PBXBuildFile; fileRef = F2A9EAC11DC64ED000147681 /* Exitable.swift */; };
		F2A9EB241DC64ED000147681 /* ExitableStateExecuter.swift in Sources */ = {isa = PBXBuildFile; fileRef = F2A9EAC21DC64ED000147681 /* ExitableStateExecuter.swift */; };
		F2A9EB251DC64ED000147681 /* Factories.swift in Sources */ = {isa = PBXBuildFile; fileRef = F2A9EAC31DC64ED000147681 /* Factories.swift */; };
		F2A9EB261DC64ED000147681 /* Finishable.swift in Sources */ = {isa = PBXBuildFile; fileRef = F2A9EAC41DC64ED000147681 /* Finishable.swift */; };
		F2A9EB271DC64ED000147681 /* FiniteStateMachine.swift in Sources */ = {isa = PBXBuildFile; fileRef = F2A9EAC51DC64ED000147681 /* FiniteStateMachine.swift */; };
		F2A9EB281DC64ED000147681 /* FiniteStateMachineType.swift in Sources */ = {isa = PBXBuildFile; fileRef = F2A9EAC61DC64ED000147681 /* FiniteStateMachineType.swift */; };
		F2A9EB291DC64ED000147681 /* FSM-Bridging-Header.h in Headers */ = {isa = PBXBuildFile; fileRef = F2A9EAC71DC64ED000147681 /* FSM-Bridging-Header.h */; };
		F2A9EB2A1DC64ED000147681 /* FSM.swift in Sources */ = {isa = PBXBuildFile; fileRef = F2A9EAC81DC64ED000147681 /* FSM.swift */; };
		F2A9EB2B1DC64ED000147681 /* FSMVariablesContainerHolder.swift in Sources */ = {isa = PBXBuildFile; fileRef = F2A9EAC91DC64ED000147681 /* FSMVariablesContainerHolder.swift */; };
		F2A9EB2C1DC64ED000147681 /* FunctionalArray.swift in Sources */ = {isa = PBXBuildFile; fileRef = F2A9EACA1DC64ED000147681 /* FunctionalArray.swift */; };
		F2A9EB2D1DC64ED000147681 /* FunctionalOperators.swift in Sources */ = {isa = PBXBuildFile; fileRef = F2A9EACB1DC64ED000147681 /* FunctionalOperators.swift */; };
		F2A9EB2E1DC64ED000147681 /* FunctionalOptional.swift in Sources */ = {isa = PBXBuildFile; fileRef = F2A9EACC1DC64ED000147681 /* FunctionalOptional.swift */; };
		F2A9EB2F1DC64ED000147681 /* FunctionalSequence.swift in Sources */ = {isa = PBXBuildFile; fileRef = F2A9EACD1DC64ED000147681 /* FunctionalSequence.swift */; };
		F2A9EB301DC64ED000147681 /* GenericWhiteboard.swift in Sources */ = {isa = PBXBuildFile; fileRef = F2A9EACE1DC64ED000147681 /* GenericWhiteboard.swift */; };
		F2A9EB311DC64ED000147681 /* GlobalPropertyExtractor.swift in Sources */ = {isa = PBXBuildFile; fileRef = F2A9EACF1DC64ED000147681 /* GlobalPropertyExtractor.swift */; };
		F2A9EB321DC64ED000147681 /* globals.swift in Sources */ = {isa = PBXBuildFile; fileRef = F2A9EAD01DC64ED000147681 /* globals.swift */; };
		F2A9EB331DC64ED000147681 /* GlobalsSpinnerConstructor.swift in Sources */ = {isa = PBXBuildFile; fileRef = F2A9EAD11DC64ED000147681 /* GlobalsSpinnerConstructor.swift */; };
		F2A9EB341DC64ED000147681 /* GlobalsSpinnerConstructorFactory.swift in Sources */ = {isa = PBXBuildFile; fileRef = F2A9EAD21DC64ED000147681 /* GlobalsSpinnerConstructorFactory.swift */; };
		F2A9EB351DC64ED000147681 /* GlobalsSpinnerConstructorFactoryType.swift in Sources */ = {isa = PBXBuildFile; fileRef = F2A9EAD31DC64ED000147681 /* GlobalsSpinnerConstructorFactoryType.swift */; };
		F2A9EB361DC64ED000147681 /* GlobalsSpinnerConstructorType.swift in Sources */ = {isa = PBXBuildFile; fileRef = F2A9EAD41DC64ED000147681 /* GlobalsSpinnerConstructorType.swift */; };
		F2A9EB371DC64ED000147681 /* GlobalsSpinnerDataExtractor.swift in Sources */ = {isa = PBXBuildFile; fileRef = F2A9EAD51DC64ED000147681 /* GlobalsSpinnerDataExtractor.swift */; };
		F2A9EB381DC64ED000147681 /* GlobalsSpinnerDataExtractorType.swift in Sources */ = {isa = PBXBuildFile; fileRef = F2A9EAD61DC64ED000147681 /* GlobalsSpinnerDataExtractorType.swift */; };
		F2A9EB391DC64ED000147681 /* GlobalVariables.swift in Sources */ = {isa = PBXBuildFile; fileRef = F2A9EAD71DC64ED000147681 /* GlobalVariables.swift */; };
		F2A9EB3A1DC64ED000147681 /* GlobalVariablesCollection.swift in Sources */ = {isa = PBXBuildFile; fileRef = F2A9EAD81DC64ED000147681 /* GlobalVariablesCollection.swift */; };
		F2A9EB3B1DC64ED000147681 /* GlobalVariablesContainer.swift in Sources */ = {isa = PBXBuildFile; fileRef = F2A9EAD91DC64ED000147681 /* GlobalVariablesContainer.swift */; };
		F2A9EB3C1DC64ED000147681 /* GlobalVariablesContainerHolder.swift in Sources */ = {isa = PBXBuildFile; fileRef = F2A9EADA1DC64ED000147681 /* GlobalVariablesContainerHolder.swift */; };
		F2A9EB3D1DC64ED000147681 /* HashTableCycleDetector.swift in Sources */ = {isa = PBXBuildFile; fileRef = F2A9EADB1DC64ED000147681 /* HashTableCycleDetector.swift */; };
		F2A9EB3E1DC64ED000147681 /* HashTableKripkeRingletKripkeStructureGeneratorFactory.swift in Sources */ = {isa = PBXBuildFile; fileRef = F2A9EADC1DC64ED000147681 /* HashTableKripkeRingletKripkeStructureGeneratorFactory.swift */; };
		F2A9EB3F1DC64ED000147681 /* Identifiable.swift in Sources */ = {isa = PBXBuildFile; fileRef = F2A9EADD1DC64ED000147681 /* Identifiable.swift */; };
		F2A9EB401DC64ED000147681 /* KripkeCollection.swift in Sources */ = {isa = PBXBuildFile; fileRef = F2A9EADE1DC64ED000147681 /* KripkeCollection.swift */; };
		F2A9EB411DC64ED000147681 /* KripkeFiniteStateMachine.swift in Sources */ = {isa = PBXBuildFile; fileRef = F2A9EADF1DC64ED000147681 /* KripkeFiniteStateMachine.swift */; };
		F2A9EB421DC64ED000147681 /* KripkeMiPalRinglet.swift in Sources */ = {isa = PBXBuildFile; fileRef = F2A9EAE01DC64ED000147681 /* KripkeMiPalRinglet.swift */; };
		F2A9EB431DC64ED000147681 /* KripkeMiPalRingletFactory.swift in Sources */ = {isa = PBXBuildFile; fileRef = F2A9EAE11DC64ED000147681 /* KripkeMiPalRingletFactory.swift */; };
		F2A9EB441DC64ED000147681 /* KripkeRinglet.swift in Sources */ = {isa = PBXBuildFile; fileRef = F2A9EAE21DC64ED000147681 /* KripkeRinglet.swift */; };
		F2A9EB451DC64ED000147681 /* KripkeRingletKripkeStructureGenerator.swift in Sources */ = {isa = PBXBuildFile; fileRef = F2A9EAE31DC64ED000147681 /* KripkeRingletKripkeStructureGenerator.swift */; };
		F2A9EB461DC64ED000147681 /* KripkeRingletKripkeStructureGeneratorDelegator.swift in Sources */ = {isa = PBXBuildFile; fileRef = F2A9EAE41DC64ED000147681 /* KripkeRingletKripkeStructureGeneratorDelegator.swift */; };
		F2A9EB471DC64ED000147681 /* KripkeRingletKripkeStructureGeneratorType.swift in Sources */ = {isa = PBXBuildFile; fileRef = F2A9EAE51DC64ED000147681 /* KripkeRingletKripkeStructureGeneratorType.swift */; };
		F2A9EB481DC64ED000147681 /* KripkeState.swift in Sources */ = {isa = PBXBuildFile; fileRef = F2A9EAE61DC64ED000147681 /* KripkeState.swift */; };
		F2A9EB491DC64ED000147681 /* KripkeStateProperty.swift in Sources */ = {isa = PBXBuildFile; fileRef = F2A9EAE71DC64ED000147681 /* KripkeStateProperty.swift */; };
		F2A9EB4A1DC64ED000147681 /* KripkeStatePropertyList.swift in Sources */ = {isa = PBXBuildFile; fileRef = F2A9EAE81DC64ED000147681 /* KripkeStatePropertyList.swift */; };
		F2A9EB4B1DC64ED000147681 /* KripkeStatePropertySpinnerConverter.swift in Sources */ = {isa = PBXBuildFile; fileRef = F2A9EAE91DC64ED000147681 /* KripkeStatePropertySpinnerConverter.swift */; };
		F2A9EB4C1DC64ED000147681 /* KripkeStatePropertySpinnerConverterType.swift in Sources */ = {isa = PBXBuildFile; fileRef = F2A9EAEA1DC64ED000147681 /* KripkeStatePropertySpinnerConverterType.swift */; };
		F2A9EB4D1DC64ED000147681 /* KripkeStatePropertyTypes.swift in Sources */ = {isa = PBXBuildFile; fileRef = F2A9EAEB1DC64ED000147681 /* KripkeStatePropertyTypes.swift */; };
		F2A9EB4E1DC64ED000147681 /* KripkeStateType.swift in Sources */ = {isa = PBXBuildFile; fileRef = F2A9EAEC1DC64ED000147681 /* KripkeStateType.swift */; };
		F2A9EB4F1DC64ED000147681 /* KripkeStructure.swift in Sources */ = {isa = PBXBuildFile; fileRef = F2A9EAED1DC64ED000147681 /* KripkeStructure.swift */; };
		F2A9EB501DC64ED000147681 /* KripkeStructureGenerator.swift in Sources */ = {isa = PBXBuildFile; fileRef = F2A9EAEE1DC64ED000147681 /* KripkeStructureGenerator.swift */; };
		F2A9EB511DC64ED000147681 /* KripkeStructureType.swift in Sources */ = {isa = PBXBuildFile; fileRef = F2A9EAEF1DC64ED000147681 /* KripkeStructureType.swift */; };
		F2A9EB521DC64ED000147681 /* KripkeVariablesModifier.swift in Sources */ = {isa = PBXBuildFile; fileRef = F2A9EAF01DC64ED000147681 /* KripkeVariablesModifier.swift */; };
		F2A9EB531DC64ED000147681 /* MiPalActions.swift in Sources */ = {isa = PBXBuildFile; fileRef = F2A9EAF11DC64ED000147681 /* MiPalActions.swift */; };
		F2A9EB541DC64ED000147681 /* MiPalRinglet.swift in Sources */ = {isa = PBXBuildFile; fileRef = F2A9EAF21DC64ED000147681 /* MiPalRinglet.swift */; };
		F2A9EB551DC64ED000147681 /* MiPalRingletFactory.swift in Sources */ = {isa = PBXBuildFile; fileRef = F2A9EAF31DC64ED000147681 /* MiPalRingletFactory.swift */; };
		F2A9EB561DC64ED000147681 /* MiPalState.swift in Sources */ = {isa = PBXBuildFile; fileRef = F2A9EAF41DC64ED000147681 /* MiPalState.swift */; };
		F2A9EB571DC64ED000147681 /* MirrorPropertyExtractor.swift in Sources */ = {isa = PBXBuildFile; fileRef = F2A9EAF51DC64ED000147681 /* MirrorPropertyExtractor.swift */; };
		F2A9EB581DC64ED000147681 /* MutableSnapshotable.swift in Sources */ = {isa = PBXBuildFile; fileRef = F2A9EAF61DC64ED000147681 /* MutableSnapshotable.swift */; };
		F2A9EB591DC64ED000147681 /* OptimizedStateExecuter.swift in Sources */ = {isa = PBXBuildFile; fileRef = F2A9EAF71DC64ED000147681 /* OptimizedStateExecuter.swift */; };
		F2A9EB5A1DC64ED000147681 /* PropertiesExtractor.swift in Sources */ = {isa = PBXBuildFile; fileRef = F2A9EAF81DC64ED000147681 /* PropertiesExtractor.swift */; };
		F2A9EB5B1DC64ED000147681 /* Restartable.swift in Sources */ = {isa = PBXBuildFile; fileRef = F2A9EAF91DC64ED000147681 /* Restartable.swift */; };
		F2A9EB5C1DC64ED000147681 /* Resumeable.swift in Sources */ = {isa = PBXBuildFile; fileRef = F2A9EAFA1DC64ED000147681 /* Resumeable.swift */; };
		F2A9EB5D1DC64ED000147681 /* Ringlet.swift in Sources */ = {isa = PBXBuildFile; fileRef = F2A9EAFB1DC64ED000147681 /* Ringlet.swift */; };
		F2A9EB5E1DC64ED000147681 /* SimpleVariablesContainer.swift in Sources */ = {isa = PBXBuildFile; fileRef = F2A9EAFC1DC64ED000147681 /* SimpleVariablesContainer.swift */; };
		F2A9EB5F1DC64ED000147681 /* Snapshotable.swift in Sources */ = {isa = PBXBuildFile; fileRef = F2A9EAFD1DC64ED000147681 /* Snapshotable.swift */; };
		F2A9EB601DC64ED000147681 /* SnapshotCollectionController.swift in Sources */ = {isa = PBXBuildFile; fileRef = F2A9EAFE1DC64ED000147681 /* SnapshotCollectionController.swift */; };
		F2A9EB611DC64ED100147681 /* SnapshotContainer.swift in Sources */ = {isa = PBXBuildFile; fileRef = F2A9EAFF1DC64ED000147681 /* SnapshotContainer.swift */; };
		F2A9EB621DC64ED100147681 /* SnapshotController.swift in Sources */ = {isa = PBXBuildFile; fileRef = F2A9EB001DC64ED000147681 /* SnapshotController.swift */; };
		F2A9EB631DC64ED100147681 /* SpinnerRunner.swift in Sources */ = {isa = PBXBuildFile; fileRef = F2A9EB011DC64ED000147681 /* SpinnerRunner.swift */; };
		F2A9EB641DC64ED100147681 /* SpinnerRunnerType.swift in Sources */ = {isa = PBXBuildFile; fileRef = F2A9EB021DC64ED000147681 /* SpinnerRunnerType.swift */; };
		F2A9EB651DC64ED100147681 /* Spinners.swift in Sources */ = {isa = PBXBuildFile; fileRef = F2A9EB031DC64ED000147681 /* Spinners.swift */; };
		F2A9EB661DC64ED100147681 /* Stack.swift in Sources */ = {isa = PBXBuildFile; fileRef = F2A9EB041DC64ED000147681 /* Stack.swift */; };
		F2A9EB671DC64ED100147681 /* StateContainer.swift in Sources */ = {isa = PBXBuildFile; fileRef = F2A9EB051DC64ED000147681 /* StateContainer.swift */; };
		F2A9EB681DC64ED100147681 /* StateExecuter.swift in Sources */ = {isa = PBXBuildFile; fileRef = F2A9EB061DC64ED000147681 /* StateExecuter.swift */; };
		F2A9EB691DC64ED100147681 /* StateExecuterDelegator.swift in Sources */ = {isa = PBXBuildFile; fileRef = F2A9EB071DC64ED000147681 /* StateExecuterDelegator.swift */; };
		F2A9EB6A1DC64ED100147681 /* StateType.swift in Sources */ = {isa = PBXBuildFile; fileRef = F2A9EB081DC64ED000147681 /* StateType.swift */; };
		F2A9EB6B1DC64ED100147681 /* Suspendable.swift in Sources */ = {isa = PBXBuildFile; fileRef = F2A9EB091DC64ED000147681 /* Suspendable.swift */; };
		F2A9EB6C1DC64ED100147681 /* TeleportingTurtleCycleDetector.swift in Sources */ = {isa = PBXBuildFile; fileRef = F2A9EB0A1DC64ED000147681 /* TeleportingTurtleCycleDetector.swift */; };
		F2A9EB6D1DC64ED100147681 /* TeleportingTurtleKripkeRingletKripkeStructureGeneratorFactory.swift in Sources */ = {isa = PBXBuildFile; fileRef = F2A9EB0B1DC64ED000147681 /* TeleportingTurtleKripkeRingletKripkeStructureGeneratorFactory.swift */; };
		F2A9EB6E1DC64ED100147681 /* Transition.swift in Sources */ = {isa = PBXBuildFile; fileRef = F2A9EB0C1DC64ED000147681 /* Transition.swift */; };
		F2A9EB6F1DC64ED100147681 /* Transitionable.swift in Sources */ = {isa = PBXBuildFile; fileRef = F2A9EB0D1DC64ED000147681 /* Transitionable.swift */; };
		F2A9EB701DC64ED100147681 /* TransitionType.swift in Sources */ = {isa = PBXBuildFile; fileRef = F2A9EB0E1DC64ED000147681 /* TransitionType.swift */; };
		F2A9EB711DC64ED100147681 /* Variables.swift in Sources */ = {isa = PBXBuildFile; fileRef = F2A9EB0F1DC64ED000147681 /* Variables.swift */; };
		F2A9EB721DC64ED100147681 /* VariablesContainer.swift in Sources */ = {isa = PBXBuildFile; fileRef = F2A9EB101DC64ED000147681 /* VariablesContainer.swift */; };
		F2A9EB731DC64ED100147681 /* Whiteboard.swift in Sources */ = {isa = PBXBuildFile; fileRef = F2A9EB111DC64ED000147681 /* Whiteboard.swift */; };
		F2A9EB741DC64ED100147681 /* WhiteboardBehaviour.swift in Sources */ = {isa = PBXBuildFile; fileRef = F2A9EB121DC64ED000147681 /* WhiteboardBehaviour.swift */; };
		F2A9EB751DC64ED100147681 /* World.swift in Sources */ = {isa = PBXBuildFile; fileRef = F2A9EB131DC64ED000147681 /* World.swift */; };
		F2B159E01CF5509700D43564 /* gusimplewhiteboard.c in Sources */ = {isa = PBXBuildFile; fileRef = F2B159DF1CF5509700D43564 /* gusimplewhiteboard.c */; };
		F2B159E41CF550F100D43564 /* guwhiteboardtypelist_c_typestrings_generated.c in Sources */ = {isa = PBXBuildFile; fileRef = F2B159E31CF550F100D43564 /* guwhiteboardtypelist_c_typestrings_generated.c */; };
/* End PBXBuildFile section */

/* Begin PBXContainerItemProxy section */
		F2A59C9A1CF830D600E218C3 /* PBXContainerItemProxy */ = {
			isa = PBXContainerItemProxy;
			containerPortal = F2B159591CF42A9700D43564 /* Project object */;
			proxyType = 1;
			remoteGlobalIDString = F2B159601CF42A9700D43564;
			remoteInfo = libFSM;
		};
/* End PBXContainerItemProxy section */

/* Begin PBXFileReference section */
		F2A59C941CF830D600E218C3 /* FSMTests.xctest */ = {isa = PBXFileReference; explicitFileType = wrapper.cfbundle; includeInIndex = 0; path = FSMTests.xctest; sourceTree = BUILT_PRODUCTS_DIR; };
		F2A59C981CF830D600E218C3 /* Info.plist */ = {isa = PBXFileReference; lastKnownFileType = text.plist.xml; path = Info.plist; sourceTree = "<group>"; };
		F2A59C9F1CF8311B00E218C3 /* BehaviourTests.swift */ = {isa = PBXFileReference; fileEncoding = 4; lastKnownFileType = sourcecode.swift; path = BehaviourTests.swift; sourceTree = "<group>"; };
		F2A59CA01CF8311B00E218C3 /* CArrayTests.swift */ = {isa = PBXFileReference; fileEncoding = 4; lastKnownFileType = sourcecode.swift; path = CArrayTests.swift; sourceTree = "<group>"; };
		F2A59CA11CF8311B00E218C3 /* Count.swift */ = {isa = PBXFileReference; fileEncoding = 4; lastKnownFileType = sourcecode.swift; path = Count.swift; sourceTree = "<group>"; };
		F2A59CA21CF8311B00E218C3 /* FactoriesTests.swift */ = {isa = PBXFileReference; fileEncoding = 4; lastKnownFileType = sourcecode.swift; path = FactoriesTests.swift; sourceTree = "<group>"; };
		F2A59CA31CF8311B00E218C3 /* FSM_tests-Bridging-Header.h */ = {isa = PBXFileReference; fileEncoding = 4; lastKnownFileType = sourcecode.c.h; path = "FSM_tests-Bridging-Header.h"; sourceTree = "<group>"; };
		F2A59CA41CF8311B00E218C3 /* FunctionalOptionalTests.swift */ = {isa = PBXFileReference; fileEncoding = 4; lastKnownFileType = sourcecode.swift; path = FunctionalOptionalTests.swift; sourceTree = "<group>"; };
		F2A59CA51CF8311B00E218C3 /* GenericWhiteboardTests.swift */ = {isa = PBXFileReference; fileEncoding = 4; lastKnownFileType = sourcecode.swift; path = GenericWhiteboardTests.swift; sourceTree = "<group>"; };
		F2A59CA61CF8311B00E218C3 /* Info.plist */ = {isa = PBXFileReference; fileEncoding = 4; lastKnownFileType = text.plist.xml; path = Info.plist; sourceTree = "<group>"; };
		F2A59CA71CF8311B00E218C3 /* main.swift */ = {isa = PBXFileReference; fileEncoding = 4; lastKnownFileType = sourcecode.swift; path = main.swift; sourceTree = "<group>"; };
		F2A59CA91CF8311B00E218C3 /* wb_count.h */ = {isa = PBXFileReference; fileEncoding = 4; lastKnownFileType = sourcecode.c.h; path = wb_count.h; sourceTree = "<group>"; };
		F2A59CAA1CF8311B00E218C3 /* WhiteboardBehaviourTests.swift */ = {isa = PBXFileReference; fileEncoding = 4; lastKnownFileType = sourcecode.swift; path = WhiteboardBehaviourTests.swift; sourceTree = "<group>"; };
		F2A9EAB21DC64ED000147681 /* aliases.swift */ = {isa = PBXFileReference; fileEncoding = 4; lastKnownFileType = sourcecode.swift; path = aliases.swift; sourceTree = "<group>"; };
		F2A9EAB31DC64ED000147681 /* AnyScheduleableFiniteStateMachine.swift */ = {isa = PBXFileReference; fileEncoding = 4; lastKnownFileType = sourcecode.swift; path = AnyScheduleableFiniteStateMachine.swift; sourceTree = "<group>"; };
		F2A9EAB41DC64ED000147681 /* AnyState.swift */ = {isa = PBXFileReference; fileEncoding = 4; lastKnownFileType = sourcecode.swift; path = AnyState.swift; sourceTree = "<group>"; };
		F2A9EAB51DC64ED000147681 /* Behaviour.swift */ = {isa = PBXFileReference; fileEncoding = 4; lastKnownFileType = sourcecode.swift; path = Behaviour.swift; sourceTree = "<group>"; };
		F2A9EAB61DC64ED000147681 /* CallbackMiPalState.swift */ = {isa = PBXFileReference; fileEncoding = 4; lastKnownFileType = sourcecode.swift; path = CallbackMiPalState.swift; sourceTree = "<group>"; };
		F2A9EAB71DC64ED000147681 /* CArray.swift */ = {isa = PBXFileReference; fileEncoding = 4; lastKnownFileType = sourcecode.swift; path = CArray.swift; sourceTree = "<group>"; };
		F2A9EAB81DC64ED000147681 /* Cloneable.swift */ = {isa = PBXFileReference; fileEncoding = 4; lastKnownFileType = sourcecode.swift; path = Cloneable.swift; sourceTree = "<group>"; };
		F2A9EAB91DC64ED000147681 /* CloneableState.swift */ = {isa = PBXFileReference; fileEncoding = 4; lastKnownFileType = sourcecode.swift; path = CloneableState.swift; sourceTree = "<group>"; };
		F2A9EABA1DC64ED000147681 /* ConvertibleCArray.swift */ = {isa = PBXFileReference; fileEncoding = 4; lastKnownFileType = sourcecode.swift; path = ConvertibleCArray.swift; sourceTree = "<group>"; };
		F2A9EABB1DC64ED000147681 /* CycleDetector.swift */ = {isa = PBXFileReference; fileEncoding = 4; lastKnownFileType = sourcecode.swift; path = CycleDetector.swift; sourceTree = "<group>"; };
		F2A9EABC1DC64ED000147681 /* Dictionary.swift */ = {isa = PBXFileReference; fileEncoding = 4; lastKnownFileType = sourcecode.swift; path = Dictionary.swift; sourceTree = "<group>"; };
		F2A9EABD1DC64ED000147681 /* EmptyGlobalVariablesContainer.swift */ = {isa = PBXFileReference; fileEncoding = 4; lastKnownFileType = sourcecode.swift; path = EmptyGlobalVariablesContainer.swift; sourceTree = "<group>"; };
		F2A9EABE1DC64ED000147681 /* EmptyMiPalState.swift */ = {isa = PBXFileReference; fileEncoding = 4; lastKnownFileType = sourcecode.swift; path = EmptyMiPalState.swift; sourceTree = "<group>"; };
		F2A9EABF1DC64ED000147681 /* EmptySnapshotable.swift */ = {isa = PBXFileReference; fileEncoding = 4; lastKnownFileType = sourcecode.swift; path = EmptySnapshotable.swift; sourceTree = "<group>"; };
		F2A9EAC01DC64ED000147681 /* EmptyVariables.swift */ = {isa = PBXFileReference; fileEncoding = 4; lastKnownFileType = sourcecode.swift; path = EmptyVariables.swift; sourceTree = "<group>"; };
		F2A9EAC11DC64ED000147681 /* Exitable.swift */ = {isa = PBXFileReference; fileEncoding = 4; lastKnownFileType = sourcecode.swift; path = Exitable.swift; sourceTree = "<group>"; };
		F2A9EAC21DC64ED000147681 /* ExitableStateExecuter.swift */ = {isa = PBXFileReference; fileEncoding = 4; lastKnownFileType = sourcecode.swift; path = ExitableStateExecuter.swift; sourceTree = "<group>"; };
		F2A9EAC31DC64ED000147681 /* Factories.swift */ = {isa = PBXFileReference; fileEncoding = 4; lastKnownFileType = sourcecode.swift; path = Factories.swift; sourceTree = "<group>"; };
		F2A9EAC41DC64ED000147681 /* Finishable.swift */ = {isa = PBXFileReference; fileEncoding = 4; lastKnownFileType = sourcecode.swift; path = Finishable.swift; sourceTree = "<group>"; };
		F2A9EAC51DC64ED000147681 /* FiniteStateMachine.swift */ = {isa = PBXFileReference; fileEncoding = 4; lastKnownFileType = sourcecode.swift; path = FiniteStateMachine.swift; sourceTree = "<group>"; };
		F2A9EAC61DC64ED000147681 /* FiniteStateMachineType.swift */ = {isa = PBXFileReference; fileEncoding = 4; lastKnownFileType = sourcecode.swift; path = FiniteStateMachineType.swift; sourceTree = "<group>"; };
		F2A9EAC71DC64ED000147681 /* FSM-Bridging-Header.h */ = {isa = PBXFileReference; fileEncoding = 4; lastKnownFileType = sourcecode.c.h; path = "FSM-Bridging-Header.h"; sourceTree = "<group>"; };
		F2A9EAC81DC64ED000147681 /* FSM.swift */ = {isa = PBXFileReference; fileEncoding = 4; lastKnownFileType = sourcecode.swift; path = FSM.swift; sourceTree = "<group>"; };
		F2A9EAC91DC64ED000147681 /* FSMVariablesContainerHolder.swift */ = {isa = PBXFileReference; fileEncoding = 4; lastKnownFileType = sourcecode.swift; path = FSMVariablesContainerHolder.swift; sourceTree = "<group>"; };
		F2A9EACA1DC64ED000147681 /* FunctionalArray.swift */ = {isa = PBXFileReference; fileEncoding = 4; lastKnownFileType = sourcecode.swift; path = FunctionalArray.swift; sourceTree = "<group>"; };
		F2A9EACB1DC64ED000147681 /* FunctionalOperators.swift */ = {isa = PBXFileReference; fileEncoding = 4; lastKnownFileType = sourcecode.swift; path = FunctionalOperators.swift; sourceTree = "<group>"; };
		F2A9EACC1DC64ED000147681 /* FunctionalOptional.swift */ = {isa = PBXFileReference; fileEncoding = 4; lastKnownFileType = sourcecode.swift; path = FunctionalOptional.swift; sourceTree = "<group>"; };
		F2A9EACD1DC64ED000147681 /* FunctionalSequence.swift */ = {isa = PBXFileReference; fileEncoding = 4; lastKnownFileType = sourcecode.swift; path = FunctionalSequence.swift; sourceTree = "<group>"; };
		F2A9EACE1DC64ED000147681 /* GenericWhiteboard.swift */ = {isa = PBXFileReference; fileEncoding = 4; lastKnownFileType = sourcecode.swift; path = GenericWhiteboard.swift; sourceTree = "<group>"; };
		F2A9EACF1DC64ED000147681 /* GlobalPropertyExtractor.swift */ = {isa = PBXFileReference; fileEncoding = 4; lastKnownFileType = sourcecode.swift; path = GlobalPropertyExtractor.swift; sourceTree = "<group>"; };
		F2A9EAD01DC64ED000147681 /* globals.swift */ = {isa = PBXFileReference; fileEncoding = 4; lastKnownFileType = sourcecode.swift; path = globals.swift; sourceTree = "<group>"; };
		F2A9EAD11DC64ED000147681 /* GlobalsSpinnerConstructor.swift */ = {isa = PBXFileReference; fileEncoding = 4; lastKnownFileType = sourcecode.swift; path = GlobalsSpinnerConstructor.swift; sourceTree = "<group>"; };
		F2A9EAD21DC64ED000147681 /* GlobalsSpinnerConstructorFactory.swift */ = {isa = PBXFileReference; fileEncoding = 4; lastKnownFileType = sourcecode.swift; path = GlobalsSpinnerConstructorFactory.swift; sourceTree = "<group>"; };
		F2A9EAD31DC64ED000147681 /* GlobalsSpinnerConstructorFactoryType.swift */ = {isa = PBXFileReference; fileEncoding = 4; lastKnownFileType = sourcecode.swift; path = GlobalsSpinnerConstructorFactoryType.swift; sourceTree = "<group>"; };
		F2A9EAD41DC64ED000147681 /* GlobalsSpinnerConstructorType.swift */ = {isa = PBXFileReference; fileEncoding = 4; lastKnownFileType = sourcecode.swift; path = GlobalsSpinnerConstructorType.swift; sourceTree = "<group>"; };
		F2A9EAD51DC64ED000147681 /* GlobalsSpinnerDataExtractor.swift */ = {isa = PBXFileReference; fileEncoding = 4; lastKnownFileType = sourcecode.swift; path = GlobalsSpinnerDataExtractor.swift; sourceTree = "<group>"; };
		F2A9EAD61DC64ED000147681 /* GlobalsSpinnerDataExtractorType.swift */ = {isa = PBXFileReference; fileEncoding = 4; lastKnownFileType = sourcecode.swift; path = GlobalsSpinnerDataExtractorType.swift; sourceTree = "<group>"; };
		F2A9EAD71DC64ED000147681 /* GlobalVariables.swift */ = {isa = PBXFileReference; fileEncoding = 4; lastKnownFileType = sourcecode.swift; path = GlobalVariables.swift; sourceTree = "<group>"; };
		F2A9EAD81DC64ED000147681 /* GlobalVariablesCollection.swift */ = {isa = PBXFileReference; fileEncoding = 4; lastKnownFileType = sourcecode.swift; path = GlobalVariablesCollection.swift; sourceTree = "<group>"; };
		F2A9EAD91DC64ED000147681 /* GlobalVariablesContainer.swift */ = {isa = PBXFileReference; fileEncoding = 4; lastKnownFileType = sourcecode.swift; path = GlobalVariablesContainer.swift; sourceTree = "<group>"; };
		F2A9EADA1DC64ED000147681 /* GlobalVariablesContainerHolder.swift */ = {isa = PBXFileReference; fileEncoding = 4; lastKnownFileType = sourcecode.swift; path = GlobalVariablesContainerHolder.swift; sourceTree = "<group>"; };
		F2A9EADB1DC64ED000147681 /* HashTableCycleDetector.swift */ = {isa = PBXFileReference; fileEncoding = 4; lastKnownFileType = sourcecode.swift; path = HashTableCycleDetector.swift; sourceTree = "<group>"; };
		F2A9EADC1DC64ED000147681 /* HashTableKripkeRingletKripkeStructureGeneratorFactory.swift */ = {isa = PBXFileReference; fileEncoding = 4; lastKnownFileType = sourcecode.swift; path = HashTableKripkeRingletKripkeStructureGeneratorFactory.swift; sourceTree = "<group>"; };
		F2A9EADD1DC64ED000147681 /* Identifiable.swift */ = {isa = PBXFileReference; fileEncoding = 4; lastKnownFileType = sourcecode.swift; path = Identifiable.swift; sourceTree = "<group>"; };
		F2A9EADE1DC64ED000147681 /* KripkeCollection.swift */ = {isa = PBXFileReference; fileEncoding = 4; lastKnownFileType = sourcecode.swift; path = KripkeCollection.swift; sourceTree = "<group>"; };
		F2A9EADF1DC64ED000147681 /* KripkeFiniteStateMachine.swift */ = {isa = PBXFileReference; fileEncoding = 4; lastKnownFileType = sourcecode.swift; path = KripkeFiniteStateMachine.swift; sourceTree = "<group>"; };
		F2A9EAE01DC64ED000147681 /* KripkeMiPalRinglet.swift */ = {isa = PBXFileReference; fileEncoding = 4; lastKnownFileType = sourcecode.swift; path = KripkeMiPalRinglet.swift; sourceTree = "<group>"; };
		F2A9EAE11DC64ED000147681 /* KripkeMiPalRingletFactory.swift */ = {isa = PBXFileReference; fileEncoding = 4; lastKnownFileType = sourcecode.swift; path = KripkeMiPalRingletFactory.swift; sourceTree = "<group>"; };
		F2A9EAE21DC64ED000147681 /* KripkeRinglet.swift */ = {isa = PBXFileReference; fileEncoding = 4; lastKnownFileType = sourcecode.swift; path = KripkeRinglet.swift; sourceTree = "<group>"; };
		F2A9EAE31DC64ED000147681 /* KripkeRingletKripkeStructureGenerator.swift */ = {isa = PBXFileReference; fileEncoding = 4; lastKnownFileType = sourcecode.swift; path = KripkeRingletKripkeStructureGenerator.swift; sourceTree = "<group>"; };
		F2A9EAE41DC64ED000147681 /* KripkeRingletKripkeStructureGeneratorDelegator.swift */ = {isa = PBXFileReference; fileEncoding = 4; lastKnownFileType = sourcecode.swift; path = KripkeRingletKripkeStructureGeneratorDelegator.swift; sourceTree = "<group>"; };
		F2A9EAE51DC64ED000147681 /* KripkeRingletKripkeStructureGeneratorType.swift */ = {isa = PBXFileReference; fileEncoding = 4; lastKnownFileType = sourcecode.swift; path = KripkeRingletKripkeStructureGeneratorType.swift; sourceTree = "<group>"; };
		F2A9EAE61DC64ED000147681 /* KripkeState.swift */ = {isa = PBXFileReference; fileEncoding = 4; lastKnownFileType = sourcecode.swift; path = KripkeState.swift; sourceTree = "<group>"; };
		F2A9EAE71DC64ED000147681 /* KripkeStateProperty.swift */ = {isa = PBXFileReference; fileEncoding = 4; lastKnownFileType = sourcecode.swift; path = KripkeStateProperty.swift; sourceTree = "<group>"; };
		F2A9EAE81DC64ED000147681 /* KripkeStatePropertyList.swift */ = {isa = PBXFileReference; fileEncoding = 4; lastKnownFileType = sourcecode.swift; path = KripkeStatePropertyList.swift; sourceTree = "<group>"; };
		F2A9EAE91DC64ED000147681 /* KripkeStatePropertySpinnerConverter.swift */ = {isa = PBXFileReference; fileEncoding = 4; lastKnownFileType = sourcecode.swift; path = KripkeStatePropertySpinnerConverter.swift; sourceTree = "<group>"; };
		F2A9EAEA1DC64ED000147681 /* KripkeStatePropertySpinnerConverterType.swift */ = {isa = PBXFileReference; fileEncoding = 4; lastKnownFileType = sourcecode.swift; path = KripkeStatePropertySpinnerConverterType.swift; sourceTree = "<group>"; };
		F2A9EAEB1DC64ED000147681 /* KripkeStatePropertyTypes.swift */ = {isa = PBXFileReference; fileEncoding = 4; lastKnownFileType = sourcecode.swift; path = KripkeStatePropertyTypes.swift; sourceTree = "<group>"; };
		F2A9EAEC1DC64ED000147681 /* KripkeStateType.swift */ = {isa = PBXFileReference; fileEncoding = 4; lastKnownFileType = sourcecode.swift; path = KripkeStateType.swift; sourceTree = "<group>"; };
		F2A9EAED1DC64ED000147681 /* KripkeStructure.swift */ = {isa = PBXFileReference; fileEncoding = 4; lastKnownFileType = sourcecode.swift; path = KripkeStructure.swift; sourceTree = "<group>"; };
		F2A9EAEE1DC64ED000147681 /* KripkeStructureGenerator.swift */ = {isa = PBXFileReference; fileEncoding = 4; lastKnownFileType = sourcecode.swift; path = KripkeStructureGenerator.swift; sourceTree = "<group>"; };
		F2A9EAEF1DC64ED000147681 /* KripkeStructureType.swift */ = {isa = PBXFileReference; fileEncoding = 4; lastKnownFileType = sourcecode.swift; path = KripkeStructureType.swift; sourceTree = "<group>"; };
		F2A9EAF01DC64ED000147681 /* KripkeVariablesModifier.swift */ = {isa = PBXFileReference; fileEncoding = 4; lastKnownFileType = sourcecode.swift; path = KripkeVariablesModifier.swift; sourceTree = "<group>"; };
		F2A9EAF11DC64ED000147681 /* MiPalActions.swift */ = {isa = PBXFileReference; fileEncoding = 4; lastKnownFileType = sourcecode.swift; path = MiPalActions.swift; sourceTree = "<group>"; };
		F2A9EAF21DC64ED000147681 /* MiPalRinglet.swift */ = {isa = PBXFileReference; fileEncoding = 4; lastKnownFileType = sourcecode.swift; path = MiPalRinglet.swift; sourceTree = "<group>"; };
		F2A9EAF31DC64ED000147681 /* MiPalRingletFactory.swift */ = {isa = PBXFileReference; fileEncoding = 4; lastKnownFileType = sourcecode.swift; path = MiPalRingletFactory.swift; sourceTree = "<group>"; };
		F2A9EAF41DC64ED000147681 /* MiPalState.swift */ = {isa = PBXFileReference; fileEncoding = 4; lastKnownFileType = sourcecode.swift; path = MiPalState.swift; sourceTree = "<group>"; };
		F2A9EAF51DC64ED000147681 /* MirrorPropertyExtractor.swift */ = {isa = PBXFileReference; fileEncoding = 4; lastKnownFileType = sourcecode.swift; path = MirrorPropertyExtractor.swift; sourceTree = "<group>"; };
		F2A9EAF61DC64ED000147681 /* MutableSnapshotable.swift */ = {isa = PBXFileReference; fileEncoding = 4; lastKnownFileType = sourcecode.swift; path = MutableSnapshotable.swift; sourceTree = "<group>"; };
		F2A9EAF71DC64ED000147681 /* OptimizedStateExecuter.swift */ = {isa = PBXFileReference; fileEncoding = 4; lastKnownFileType = sourcecode.swift; path = OptimizedStateExecuter.swift; sourceTree = "<group>"; };
		F2A9EAF81DC64ED000147681 /* PropertiesExtractor.swift */ = {isa = PBXFileReference; fileEncoding = 4; lastKnownFileType = sourcecode.swift; path = PropertiesExtractor.swift; sourceTree = "<group>"; };
		F2A9EAF91DC64ED000147681 /* Restartable.swift */ = {isa = PBXFileReference; fileEncoding = 4; lastKnownFileType = sourcecode.swift; path = Restartable.swift; sourceTree = "<group>"; };
		F2A9EAFA1DC64ED000147681 /* Resumeable.swift */ = {isa = PBXFileReference; fileEncoding = 4; lastKnownFileType = sourcecode.swift; path = Resumeable.swift; sourceTree = "<group>"; };
		F2A9EAFB1DC64ED000147681 /* Ringlet.swift */ = {isa = PBXFileReference; fileEncoding = 4; lastKnownFileType = sourcecode.swift; path = Ringlet.swift; sourceTree = "<group>"; };
		F2A9EAFC1DC64ED000147681 /* SimpleVariablesContainer.swift */ = {isa = PBXFileReference; fileEncoding = 4; lastKnownFileType = sourcecode.swift; path = SimpleVariablesContainer.swift; sourceTree = "<group>"; };
		F2A9EAFD1DC64ED000147681 /* Snapshotable.swift */ = {isa = PBXFileReference; fileEncoding = 4; lastKnownFileType = sourcecode.swift; path = Snapshotable.swift; sourceTree = "<group>"; };
		F2A9EAFE1DC64ED000147681 /* SnapshotCollectionController.swift */ = {isa = PBXFileReference; fileEncoding = 4; lastKnownFileType = sourcecode.swift; path = SnapshotCollectionController.swift; sourceTree = "<group>"; };
		F2A9EAFF1DC64ED000147681 /* SnapshotContainer.swift */ = {isa = PBXFileReference; fileEncoding = 4; lastKnownFileType = sourcecode.swift; path = SnapshotContainer.swift; sourceTree = "<group>"; };
		F2A9EB001DC64ED000147681 /* SnapshotController.swift */ = {isa = PBXFileReference; fileEncoding = 4; lastKnownFileType = sourcecode.swift; path = SnapshotController.swift; sourceTree = "<group>"; };
		F2A9EB011DC64ED000147681 /* SpinnerRunner.swift */ = {isa = PBXFileReference; fileEncoding = 4; lastKnownFileType = sourcecode.swift; path = SpinnerRunner.swift; sourceTree = "<group>"; };
		F2A9EB021DC64ED000147681 /* SpinnerRunnerType.swift */ = {isa = PBXFileReference; fileEncoding = 4; lastKnownFileType = sourcecode.swift; path = SpinnerRunnerType.swift; sourceTree = "<group>"; };
		F2A9EB031DC64ED000147681 /* Spinners.swift */ = {isa = PBXFileReference; fileEncoding = 4; lastKnownFileType = sourcecode.swift; path = Spinners.swift; sourceTree = "<group>"; };
		F2A9EB041DC64ED000147681 /* Stack.swift */ = {isa = PBXFileReference; fileEncoding = 4; lastKnownFileType = sourcecode.swift; path = Stack.swift; sourceTree = "<group>"; };
		F2A9EB051DC64ED000147681 /* StateContainer.swift */ = {isa = PBXFileReference; fileEncoding = 4; lastKnownFileType = sourcecode.swift; path = StateContainer.swift; sourceTree = "<group>"; };
		F2A9EB061DC64ED000147681 /* StateExecuter.swift */ = {isa = PBXFileReference; fileEncoding = 4; lastKnownFileType = sourcecode.swift; path = StateExecuter.swift; sourceTree = "<group>"; };
		F2A9EB071DC64ED000147681 /* StateExecuterDelegator.swift */ = {isa = PBXFileReference; fileEncoding = 4; lastKnownFileType = sourcecode.swift; path = StateExecuterDelegator.swift; sourceTree = "<group>"; };
		F2A9EB081DC64ED000147681 /* StateType.swift */ = {isa = PBXFileReference; fileEncoding = 4; lastKnownFileType = sourcecode.swift; path = StateType.swift; sourceTree = "<group>"; };
		F2A9EB091DC64ED000147681 /* Suspendable.swift */ = {isa = PBXFileReference; fileEncoding = 4; lastKnownFileType = sourcecode.swift; path = Suspendable.swift; sourceTree = "<group>"; };
		F2A9EB0A1DC64ED000147681 /* TeleportingTurtleCycleDetector.swift */ = {isa = PBXFileReference; fileEncoding = 4; lastKnownFileType = sourcecode.swift; path = TeleportingTurtleCycleDetector.swift; sourceTree = "<group>"; };
		F2A9EB0B1DC64ED000147681 /* TeleportingTurtleKripkeRingletKripkeStructureGeneratorFactory.swift */ = {isa = PBXFileReference; fileEncoding = 4; lastKnownFileType = sourcecode.swift; path = TeleportingTurtleKripkeRingletKripkeStructureGeneratorFactory.swift; sourceTree = "<group>"; };
		F2A9EB0C1DC64ED000147681 /* Transition.swift */ = {isa = PBXFileReference; fileEncoding = 4; lastKnownFileType = sourcecode.swift; path = Transition.swift; sourceTree = "<group>"; };
		F2A9EB0D1DC64ED000147681 /* Transitionable.swift */ = {isa = PBXFileReference; fileEncoding = 4; lastKnownFileType = sourcecode.swift; path = Transitionable.swift; sourceTree = "<group>"; };
		F2A9EB0E1DC64ED000147681 /* TransitionType.swift */ = {isa = PBXFileReference; fileEncoding = 4; lastKnownFileType = sourcecode.swift; path = TransitionType.swift; sourceTree = "<group>"; };
		F2A9EB0F1DC64ED000147681 /* Variables.swift */ = {isa = PBXFileReference; fileEncoding = 4; lastKnownFileType = sourcecode.swift; path = Variables.swift; sourceTree = "<group>"; };
		F2A9EB101DC64ED000147681 /* VariablesContainer.swift */ = {isa = PBXFileReference; fileEncoding = 4; lastKnownFileType = sourcecode.swift; path = VariablesContainer.swift; sourceTree = "<group>"; };
		F2A9EB111DC64ED000147681 /* Whiteboard.swift */ = {isa = PBXFileReference; fileEncoding = 4; lastKnownFileType = sourcecode.swift; path = Whiteboard.swift; sourceTree = "<group>"; };
		F2A9EB121DC64ED000147681 /* WhiteboardBehaviour.swift */ = {isa = PBXFileReference; fileEncoding = 4; lastKnownFileType = sourcecode.swift; path = WhiteboardBehaviour.swift; sourceTree = "<group>"; };
		F2A9EB131DC64ED000147681 /* World.swift */ = {isa = PBXFileReference; fileEncoding = 4; lastKnownFileType = sourcecode.swift; path = World.swift; sourceTree = "<group>"; };
		F2B159611CF42A9700D43564 /* libFSM.dylib */ = {isa = PBXFileReference; explicitFileType = "compiled.mach-o.dylib"; includeInIndex = 0; path = libFSM.dylib; sourceTree = BUILT_PRODUCTS_DIR; };
		F2B159DF1CF5509700D43564 /* gusimplewhiteboard.c */ = {isa = PBXFileReference; fileEncoding = 4; lastKnownFileType = sourcecode.c.c; name = gusimplewhiteboard.c; path = ../../gusimplewhiteboard/gusimplewhiteboard.c; sourceTree = "<group>"; };
		F2B159E31CF550F100D43564 /* guwhiteboardtypelist_c_typestrings_generated.c */ = {isa = PBXFileReference; fileEncoding = 4; lastKnownFileType = sourcecode.c.c; name = guwhiteboardtypelist_c_typestrings_generated.c; path = ../../gusimplewhiteboard/guwhiteboardtypelist_c_typestrings_generated.c; sourceTree = "<group>"; };
/* End PBXFileReference section */

/* Begin PBXFrameworksBuildPhase section */
		F2A59C911CF830D600E218C3 /* Frameworks */ = {
			isa = PBXFrameworksBuildPhase;
			buildActionMask = 2147483647;
			files = (
				F2A59C991CF830D600E218C3 /* libFSM.dylib in Frameworks */,
			);
			runOnlyForDeploymentPostprocessing = 0;
		};
		F2B1595E1CF42A9700D43564 /* Frameworks */ = {
			isa = PBXFrameworksBuildPhase;
			buildActionMask = 2147483647;
			files = (
			);
			runOnlyForDeploymentPostprocessing = 0;
		};
/* End PBXFrameworksBuildPhase section */

/* Begin PBXGroup section */
		F2A59C951CF830D600E218C3 /* tests */ = {
			isa = PBXGroup;
			children = (
				F2A59C9F1CF8311B00E218C3 /* BehaviourTests.swift */,
				F2A59CA01CF8311B00E218C3 /* CArrayTests.swift */,
				F2A59CA11CF8311B00E218C3 /* Count.swift */,
				F2A59CA21CF8311B00E218C3 /* FactoriesTests.swift */,
				F2A59CA31CF8311B00E218C3 /* FSM_tests-Bridging-Header.h */,
				F2A59CA41CF8311B00E218C3 /* FunctionalOptionalTests.swift */,
				F2A59CA51CF8311B00E218C3 /* GenericWhiteboardTests.swift */,
				F2A59CA61CF8311B00E218C3 /* Info.plist */,
				F2A59CA71CF8311B00E218C3 /* main.swift */,
				F2A59CA91CF8311B00E218C3 /* wb_count.h */,
				F2A59CAA1CF8311B00E218C3 /* WhiteboardBehaviourTests.swift */,
				F2A59C981CF830D600E218C3 /* Info.plist */,
			);
			path = tests;
			sourceTree = "<group>";
		};
		F2B159581CF42A9700D43564 = {
			isa = PBXGroup;
			children = (
				F2A9EAB21DC64ED000147681 /* aliases.swift */,
				F2A9EAB31DC64ED000147681 /* AnyScheduleableFiniteStateMachine.swift */,
				F2A9EAB41DC64ED000147681 /* AnyState.swift */,
				F2A9EAB51DC64ED000147681 /* Behaviour.swift */,
				F2A9EAB61DC64ED000147681 /* CallbackMiPalState.swift */,
				F2A9EAB71DC64ED000147681 /* CArray.swift */,
				F2A9EAB81DC64ED000147681 /* Cloneable.swift */,
				F2A9EAB91DC64ED000147681 /* CloneableState.swift */,
				F2A9EABA1DC64ED000147681 /* ConvertibleCArray.swift */,
				F2A9EABB1DC64ED000147681 /* CycleDetector.swift */,
				F2A9EABC1DC64ED000147681 /* Dictionary.swift */,
				F2A9EABD1DC64ED000147681 /* EmptyGlobalVariablesContainer.swift */,
				F2A9EABE1DC64ED000147681 /* EmptyMiPalState.swift */,
				F2A9EABF1DC64ED000147681 /* EmptySnapshotable.swift */,
				F2A9EAC01DC64ED000147681 /* EmptyVariables.swift */,
				F2A9EAC11DC64ED000147681 /* Exitable.swift */,
				F2A9EAC21DC64ED000147681 /* ExitableStateExecuter.swift */,
				F2A9EAC31DC64ED000147681 /* Factories.swift */,
				F2A9EAC41DC64ED000147681 /* Finishable.swift */,
				F2A9EAC51DC64ED000147681 /* FiniteStateMachine.swift */,
				F2A9EAC61DC64ED000147681 /* FiniteStateMachineType.swift */,
				F2A9EAC71DC64ED000147681 /* FSM-Bridging-Header.h */,
				F2A9EAC81DC64ED000147681 /* FSM.swift */,
				F2A9EAC91DC64ED000147681 /* FSMVariablesContainerHolder.swift */,
				F2A9EACA1DC64ED000147681 /* FunctionalArray.swift */,
				F2A9EACB1DC64ED000147681 /* FunctionalOperators.swift */,
				F2A9EACC1DC64ED000147681 /* FunctionalOptional.swift */,
				F2A9EACD1DC64ED000147681 /* FunctionalSequence.swift */,
				F2A9EACE1DC64ED000147681 /* GenericWhiteboard.swift */,
				F2A9EACF1DC64ED000147681 /* GlobalPropertyExtractor.swift */,
				F2A9EAD01DC64ED000147681 /* globals.swift */,
				F2A9EAD11DC64ED000147681 /* GlobalsSpinnerConstructor.swift */,
				F2A9EAD21DC64ED000147681 /* GlobalsSpinnerConstructorFactory.swift */,
				F2A9EAD31DC64ED000147681 /* GlobalsSpinnerConstructorFactoryType.swift */,
				F2A9EAD41DC64ED000147681 /* GlobalsSpinnerConstructorType.swift */,
				F2A9EAD51DC64ED000147681 /* GlobalsSpinnerDataExtractor.swift */,
				F2A9EAD61DC64ED000147681 /* GlobalsSpinnerDataExtractorType.swift */,
				F2A9EAD71DC64ED000147681 /* GlobalVariables.swift */,
				F2A9EAD81DC64ED000147681 /* GlobalVariablesCollection.swift */,
				F2A9EAD91DC64ED000147681 /* GlobalVariablesContainer.swift */,
				F2A9EADA1DC64ED000147681 /* GlobalVariablesContainerHolder.swift */,
				F2A9EADB1DC64ED000147681 /* HashTableCycleDetector.swift */,
				F2A9EADC1DC64ED000147681 /* HashTableKripkeRingletKripkeStructureGeneratorFactory.swift */,
				F2A9EADD1DC64ED000147681 /* Identifiable.swift */,
				F2A9EADE1DC64ED000147681 /* KripkeCollection.swift */,
				F2A9EADF1DC64ED000147681 /* KripkeFiniteStateMachine.swift */,
				F2A9EAE01DC64ED000147681 /* KripkeMiPalRinglet.swift */,
				F2A9EAE11DC64ED000147681 /* KripkeMiPalRingletFactory.swift */,
				F2A9EAE21DC64ED000147681 /* KripkeRinglet.swift */,
				F2A9EAE31DC64ED000147681 /* KripkeRingletKripkeStructureGenerator.swift */,
				F2A9EAE41DC64ED000147681 /* KripkeRingletKripkeStructureGeneratorDelegator.swift */,
				F2A9EAE51DC64ED000147681 /* KripkeRingletKripkeStructureGeneratorType.swift */,
				F2A9EAE61DC64ED000147681 /* KripkeState.swift */,
				F2A9EAE71DC64ED000147681 /* KripkeStateProperty.swift */,
				F2A9EAE81DC64ED000147681 /* KripkeStatePropertyList.swift */,
				F2A9EAE91DC64ED000147681 /* KripkeStatePropertySpinnerConverter.swift */,
				F2A9EAEA1DC64ED000147681 /* KripkeStatePropertySpinnerConverterType.swift */,
				F2A9EAEB1DC64ED000147681 /* KripkeStatePropertyTypes.swift */,
				F2A9EAEC1DC64ED000147681 /* KripkeStateType.swift */,
				F2A9EAED1DC64ED000147681 /* KripkeStructure.swift */,
				F2A9EAEE1DC64ED000147681 /* KripkeStructureGenerator.swift */,
				F2A9EAEF1DC64ED000147681 /* KripkeStructureType.swift */,
				F2A9EAF01DC64ED000147681 /* KripkeVariablesModifier.swift */,
				F2A9EAF11DC64ED000147681 /* MiPalActions.swift */,
				F2A9EAF21DC64ED000147681 /* MiPalRinglet.swift */,
				F2A9EAF31DC64ED000147681 /* MiPalRingletFactory.swift */,
				F2A9EAF41DC64ED000147681 /* MiPalState.swift */,
				F2A9EAF51DC64ED000147681 /* MirrorPropertyExtractor.swift */,
				F2A9EAF61DC64ED000147681 /* MutableSnapshotable.swift */,
				F2A9EAF71DC64ED000147681 /* OptimizedStateExecuter.swift */,
				F2A9EAF81DC64ED000147681 /* PropertiesExtractor.swift */,
				F2A9EAF91DC64ED000147681 /* Restartable.swift */,
				F2A9EAFA1DC64ED000147681 /* Resumeable.swift */,
				F2A9EAFB1DC64ED000147681 /* Ringlet.swift */,
				F2A9EAFC1DC64ED000147681 /* SimpleVariablesContainer.swift */,
				F2A9EAFD1DC64ED000147681 /* Snapshotable.swift */,
				F2A9EAFE1DC64ED000147681 /* SnapshotCollectionController.swift */,
				F2A9EAFF1DC64ED000147681 /* SnapshotContainer.swift */,
				F2A9EB001DC64ED000147681 /* SnapshotController.swift */,
				F2A9EB011DC64ED000147681 /* SpinnerRunner.swift */,
				F2A9EB021DC64ED000147681 /* SpinnerRunnerType.swift */,
				F2A9EB031DC64ED000147681 /* Spinners.swift */,
				F2A9EB041DC64ED000147681 /* Stack.swift */,
				F2A9EB051DC64ED000147681 /* StateContainer.swift */,
				F2A9EB061DC64ED000147681 /* StateExecuter.swift */,
				F2A9EB071DC64ED000147681 /* StateExecuterDelegator.swift */,
				F2A9EB081DC64ED000147681 /* StateType.swift */,
				F2A9EB091DC64ED000147681 /* Suspendable.swift */,
				F2A9EB0A1DC64ED000147681 /* TeleportingTurtleCycleDetector.swift */,
				F2A9EB0B1DC64ED000147681 /* TeleportingTurtleKripkeRingletKripkeStructureGeneratorFactory.swift */,
				F2A9EB0C1DC64ED000147681 /* Transition.swift */,
				F2A9EB0D1DC64ED000147681 /* Transitionable.swift */,
				F2A9EB0E1DC64ED000147681 /* TransitionType.swift */,
				F2A9EB0F1DC64ED000147681 /* Variables.swift */,
				F2A9EB101DC64ED000147681 /* VariablesContainer.swift */,
				F2A9EB111DC64ED000147681 /* Whiteboard.swift */,
				F2A9EB121DC64ED000147681 /* WhiteboardBehaviour.swift */,
				F2A9EB131DC64ED000147681 /* World.swift */,
				F2B159DF1CF5509700D43564 /* gusimplewhiteboard.c */,
				F2B159E31CF550F100D43564 /* guwhiteboardtypelist_c_typestrings_generated.c */,
				F2A59C951CF830D600E218C3 /* tests */,
				F2B159621CF42A9700D43564 /* Products */,
			);
			sourceTree = "<group>";
		};
		F2B159621CF42A9700D43564 /* Products */ = {
			isa = PBXGroup;
			children = (
				F2B159611CF42A9700D43564 /* libFSM.dylib */,
				F2A59C941CF830D600E218C3 /* FSMTests.xctest */,
			);
			name = Products;
			sourceTree = "<group>";
		};
/* End PBXGroup section */

/* Begin PBXHeadersBuildPhase section */
		F2B1595F1CF42A9700D43564 /* Headers */ = {
			isa = PBXHeadersBuildPhase;
			buildActionMask = 2147483647;
			files = (
				F2A9EB291DC64ED000147681 /* FSM-Bridging-Header.h in Headers */,
			);
			runOnlyForDeploymentPostprocessing = 0;
		};
/* End PBXHeadersBuildPhase section */

/* Begin PBXNativeTarget section */
		F2A59C931CF830D600E218C3 /* FSMTests */ = {
			isa = PBXNativeTarget;
			buildConfigurationList = F2A59C9C1CF830D600E218C3 /* Build configuration list for PBXNativeTarget "FSMTests" */;
			buildPhases = (
				F2A59C901CF830D600E218C3 /* Sources */,
				F2A59C911CF830D600E218C3 /* Frameworks */,
				F2A59C921CF830D600E218C3 /* Resources */,
			);
			buildRules = (
			);
			dependencies = (
				F2A59C9B1CF830D600E218C3 /* PBXTargetDependency */,
			);
			name = FSMTests;
			productName = tests;
			productReference = F2A59C941CF830D600E218C3 /* FSMTests.xctest */;
			productType = "com.apple.product-type.bundle.unit-test";
		};
		F2B159601CF42A9700D43564 /* FSM */ = {
			isa = PBXNativeTarget;
			buildConfigurationList = F2B159651CF42A9700D43564 /* Build configuration list for PBXNativeTarget "FSM" */;
			buildPhases = (
				F2B1595D1CF42A9700D43564 /* Sources */,
				F2B1595E1CF42A9700D43564 /* Frameworks */,
				F2B1595F1CF42A9700D43564 /* Headers */,
			);
			buildRules = (
			);
			dependencies = (
			);
			name = FSM;
			productName = FSM;
			productReference = F2B159611CF42A9700D43564 /* libFSM.dylib */;
			productType = "com.apple.product-type.library.dynamic";
		};
/* End PBXNativeTarget section */

/* Begin PBXProject section */
		F2B159591CF42A9700D43564 /* Project object */ = {
			isa = PBXProject;
			attributes = {
				LastSwiftUpdateCheck = 0730;
				LastUpgradeCheck = 0730;
				ORGANIZATIONNAME = "Callum McColl";
				TargetAttributes = {
					F2A59C931CF830D600E218C3 = {
						CreatedOnToolsVersion = 7.3;
					};
					F2B159601CF42A9700D43564 = {
						CreatedOnToolsVersion = 7.3;
					};
				};
			};
			buildConfigurationList = F2B1595C1CF42A9700D43564 /* Build configuration list for PBXProject "FSM" */;
			compatibilityVersion = "Xcode 3.2";
			developmentRegion = English;
			hasScannedForEncodings = 0;
			knownRegions = (
				en,
			);
			mainGroup = F2B159581CF42A9700D43564;
			productRefGroup = F2B159621CF42A9700D43564 /* Products */;
			projectDirPath = "";
			projectRoot = "";
			targets = (
				F2B159601CF42A9700D43564 /* FSM */,
				F2A59C931CF830D600E218C3 /* FSMTests */,
			);
		};
/* End PBXProject section */

/* Begin PBXResourcesBuildPhase section */
		F2A59C921CF830D600E218C3 /* Resources */ = {
			isa = PBXResourcesBuildPhase;
			buildActionMask = 2147483647;
			files = (
				F2A59CB11CF8311B00E218C3 /* Info.plist in Resources */,
			);
			runOnlyForDeploymentPostprocessing = 0;
		};
/* End PBXResourcesBuildPhase section */

/* Begin PBXSourcesBuildPhase section */
		F2A59C901CF830D600E218C3 /* Sources */ = {
			isa = PBXSourcesBuildPhase;
			buildActionMask = 2147483647;
			files = (
				F2A59CB41CF8311B00E218C3 /* WhiteboardBehaviourTests.swift in Sources */,
				F2A59CAE1CF8311B00E218C3 /* FactoriesTests.swift in Sources */,
				F2A59CAF1CF8311B00E218C3 /* FunctionalOptionalTests.swift in Sources */,
				F2A59CAC1CF8311B00E218C3 /* CArrayTests.swift in Sources */,
				F2A59CAB1CF8311B00E218C3 /* BehaviourTests.swift in Sources */,
				F2A59CAD1CF8311B00E218C3 /* Count.swift in Sources */,
				F2A59CB01CF8311B00E218C3 /* GenericWhiteboardTests.swift in Sources */,
			);
			runOnlyForDeploymentPostprocessing = 0;
		};
		F2B1595D1CF42A9700D43564 /* Sources */ = {
			isa = PBXSourcesBuildPhase;
			buildActionMask = 2147483647;
			files = (
				F2A9EB4B1DC64ED000147681 /* KripkeStatePropertySpinnerConverter.swift in Sources */,
				F2A9EB4E1DC64ED000147681 /* KripkeStateType.swift in Sources */,
				F2A9EB3A1DC64ED000147681 /* GlobalVariablesCollection.swift in Sources */,
				F2A9EB551DC64ED000147681 /* MiPalRingletFactory.swift in Sources */,
				F2A9EB6F1DC64ED100147681 /* Transitionable.swift in Sources */,
				F2A9EB181DC64ED000147681 /* CallbackMiPalState.swift in Sources */,
				F2A9EB201DC64ED000147681 /* EmptyMiPalState.swift in Sources */,
				F2A9EB681DC64ED100147681 /* StateExecuter.swift in Sources */,
				F2A9EB191DC64ED000147681 /* CArray.swift in Sources */,
				F2A9EB381DC64ED000147681 /* GlobalsSpinnerDataExtractorType.swift in Sources */,
				F2A9EB401DC64ED000147681 /* KripkeCollection.swift in Sources */,
				F2A9EB4D1DC64ED000147681 /* KripkeStatePropertyTypes.swift in Sources */,
				F2A9EB221DC64ED000147681 /* EmptyVariables.swift in Sources */,
				F2A9EB631DC64ED100147681 /* SpinnerRunner.swift in Sources */,
				F2A9EB5E1DC64ED000147681 /* SimpleVariablesContainer.swift in Sources */,
				F2A9EB2B1DC64ED000147681 /* FSMVariablesContainerHolder.swift in Sources */,
				F2A9EB511DC64ED000147681 /* KripkeStructureType.swift in Sources */,
				F2A9EB2F1DC64ED000147681 /* FunctionalSequence.swift in Sources */,
				F2A9EB751DC64ED100147681 /* World.swift in Sources */,
				F2A9EB6B1DC64ED100147681 /* Suspendable.swift in Sources */,
				F2A9EB661DC64ED100147681 /* Stack.swift in Sources */,
				F2A9EB491DC64ED000147681 /* KripkeStateProperty.swift in Sources */,
				F2A9EB341DC64ED000147681 /* GlobalsSpinnerConstructorFactory.swift in Sources */,
				F2A9EB271DC64ED000147681 /* FiniteStateMachine.swift in Sources */,
				F2A9EB591DC64ED000147681 /* OptimizedStateExecuter.swift in Sources */,
				F2A9EB3C1DC64ED000147681 /* GlobalVariablesContainerHolder.swift in Sources */,
				F2A9EB571DC64ED000147681 /* MirrorPropertyExtractor.swift in Sources */,
				F2A9EB3E1DC64ED000147681 /* HashTableKripkeRingletKripkeStructureGeneratorFactory.swift in Sources */,
				F2A9EB561DC64ED000147681 /* MiPalState.swift in Sources */,
				F2A9EB701DC64ED100147681 /* TransitionType.swift in Sources */,
				F2A9EB151DC64ED000147681 /* AnyScheduleableFiniteStateMachine.swift in Sources */,
				F2A9EB581DC64ED000147681 /* MutableSnapshotable.swift in Sources */,
				F2A9EB3F1DC64ED000147681 /* Identifiable.swift in Sources */,
				F2A9EB741DC64ED100147681 /* WhiteboardBehaviour.swift in Sources */,
				F2A9EB4A1DC64ED000147681 /* KripkeStatePropertyList.swift in Sources */,
				F2A9EB541DC64ED000147681 /* MiPalRinglet.swift in Sources */,
				F2A9EB731DC64ED100147681 /* Whiteboard.swift in Sources */,
				F2A9EB1E1DC64ED000147681 /* Dictionary.swift in Sources */,
				F2A9EB241DC64ED000147681 /* ExitableStateExecuter.swift in Sources */,
				F2A9EB211DC64ED000147681 /* EmptySnapshotable.swift in Sources */,
				F2A9EB351DC64ED000147681 /* GlobalsSpinnerConstructorFactoryType.swift in Sources */,
				F2A9EB461DC64ED000147681 /* KripkeRingletKripkeStructureGeneratorDelegator.swift in Sources */,
				F2A9EB601DC64ED000147681 /* SnapshotCollectionController.swift in Sources */,
				F2A9EB5C1DC64ED000147681 /* Resumeable.swift in Sources */,
				F2A9EB361DC64ED000147681 /* GlobalsSpinnerConstructorType.swift in Sources */,
				F2A9EB231DC64ED000147681 /* Exitable.swift in Sources */,
				F2A9EB611DC64ED100147681 /* SnapshotContainer.swift in Sources */,
				F2A9EB3D1DC64ED000147681 /* HashTableCycleDetector.swift in Sources */,
				F2A9EB621DC64ED100147681 /* SnapshotController.swift in Sources */,
				F2A9EB321DC64ED000147681 /* globals.swift in Sources */,
				F2A9EB721DC64ED100147681 /* VariablesContainer.swift in Sources */,
				F2A9EB501DC64ED000147681 /* KripkeStructureGenerator.swift in Sources */,
				F2A9EB6A1DC64ED100147681 /* StateType.swift in Sources */,
				F2A9EB711DC64ED100147681 /* Variables.swift in Sources */,
				F2A9EB4C1DC64ED000147681 /* KripkeStatePropertySpinnerConverterType.swift in Sources */,
				F2A9EB2A1DC64ED000147681 /* FSM.swift in Sources */,
				F2A9EB411DC64ED000147681 /* KripkeFiniteStateMachine.swift in Sources */,
				F2A9EB1C1DC64ED000147681 /* ConvertibleCArray.swift in Sources */,
				F2A9EB1D1DC64ED000147681 /* CycleDetector.swift in Sources */,
				F2A9EB311DC64ED000147681 /* GlobalPropertyExtractor.swift in Sources */,
				F2A9EB6D1DC64ED100147681 /* TeleportingTurtleKripkeRingletKripkeStructureGeneratorFactory.swift in Sources */,
				F2A9EB1B1DC64ED000147681 /* CloneableState.swift in Sources */,
				F2A9EB521DC64ED000147681 /* KripkeVariablesModifier.swift in Sources */,
				F2A9EB641DC64ED100147681 /* SpinnerRunnerType.swift in Sources */,
				F2A9EB531DC64ED000147681 /* MiPalActions.swift in Sources */,
				F2A9EB451DC64ED000147681 /* KripkeRingletKripkeStructureGenerator.swift in Sources */,
				F2A9EB6C1DC64ED100147681 /* TeleportingTurtleCycleDetector.swift in Sources */,
				F2A9EB441DC64ED000147681 /* KripkeRinglet.swift in Sources */,
				F2A9EB331DC64ED000147681 /* GlobalsSpinnerConstructor.swift in Sources */,
				F2A9EB6E1DC64ED100147681 /* Transition.swift in Sources */,
				F2A9EB691DC64ED100147681 /* StateExecuterDelegator.swift in Sources */,
				F2A9EB431DC64ED000147681 /* KripkeMiPalRingletFactory.swift in Sources */,
				F2A9EB5B1DC64ED000147681 /* Restartable.swift in Sources */,
				F2A9EB301DC64ED000147681 /* GenericWhiteboard.swift in Sources */,
				F2A9EB281DC64ED000147681 /* FiniteStateMachineType.swift in Sources */,
				F2A9EB2C1DC64ED000147681 /* FunctionalArray.swift in Sources */,
				F2A9EB421DC64ED000147681 /* KripkeMiPalRinglet.swift in Sources */,
				F2A9EB471DC64ED000147681 /* KripkeRingletKripkeStructureGeneratorType.swift in Sources */,
				F2A9EB141DC64ED000147681 /* aliases.swift in Sources */,
				F2A9EB4F1DC64ED000147681 /* KripkeStructure.swift in Sources */,
				F2A9EB5D1DC64ED000147681 /* Ringlet.swift in Sources */,
				F2A9EB3B1DC64ED000147681 /* GlobalVariablesContainer.swift in Sources */,
				F2A9EB1F1DC64ED000147681 /* EmptyGlobalVariablesContainer.swift in Sources */,
				F2B159E41CF550F100D43564 /* guwhiteboardtypelist_c_typestrings_generated.c in Sources */,
				F2A9EB2E1DC64ED000147681 /* FunctionalOptional.swift in Sources */,
				F2A9EB391DC64ED000147681 /* GlobalVariables.swift in Sources */,
				F2A9EB171DC64ED000147681 /* Behaviour.swift in Sources */,
				F2A9EB5F1DC64ED000147681 /* Snapshotable.swift in Sources */,
				F2B159E01CF5509700D43564 /* gusimplewhiteboard.c in Sources */,
				F2A9EB161DC64ED000147681 /* AnyState.swift in Sources */,
				F2A9EB671DC64ED100147681 /* StateContainer.swift in Sources */,
				F2A9EB371DC64ED000147681 /* GlobalsSpinnerDataExtractor.swift in Sources */,
				F2A9EB261DC64ED000147681 /* Finishable.swift in Sources */,
				F2A9EB251DC64ED000147681 /* Factories.swift in Sources */,
				F2A9EB651DC64ED100147681 /* Spinners.swift in Sources */,
				F2A9EB1A1DC64ED000147681 /* Cloneable.swift in Sources */,
				F2A9EB5A1DC64ED000147681 /* PropertiesExtractor.swift in Sources */,
				F2A9EB2D1DC64ED000147681 /* FunctionalOperators.swift in Sources */,
				F2A9EB481DC64ED000147681 /* KripkeState.swift in Sources */,
			);
			runOnlyForDeploymentPostprocessing = 0;
		};
/* End PBXSourcesBuildPhase section */

/* Begin PBXTargetDependency section */
		F2A59C9B1CF830D600E218C3 /* PBXTargetDependency */ = {
			isa = PBXTargetDependency;
			target = F2B159601CF42A9700D43564 /* FSM */;
			targetProxy = F2A59C9A1CF830D600E218C3 /* PBXContainerItemProxy */;
		};
/* End PBXTargetDependency section */

/* Begin XCBuildConfiguration section */
		F2A59C9D1CF830D600E218C3 /* Debug */ = {
			isa = XCBuildConfiguration;
			buildSettings = {
				ALWAYS_EMBED_SWIFT_STANDARD_LIBRARIES = YES;
				ALWAYS_SEARCH_USER_PATHS = NO;
				COMBINE_HIDPI_IMAGES = YES;
				HEADER_SEARCH_PATHS = (
					"\"$(SRCROOT)/../../gusimplewhiteboard\"",
					"\"/usr/local/include\"",
					"\"/opt/local/include\"",
					"\"$(SRCROOT)\"",
					"\"$(SRCROOT)/tests\"",
					"\"$(SRCROOT)/../../\"",
					"\"$(SRCROOT)/../../../Common\"",
				);
				INFOPLIST_FILE = tests/Info.plist;
				LD_RUNPATH_SEARCH_PATHS = "$(inherited) @executable_path/../Frameworks @loader_path/../Frameworks";
				PRODUCT_BUNDLE_IDENTIFIER = au.net.mipal.tests;
				PRODUCT_NAME = "$(TARGET_NAME)";
				SWIFT_OBJC_BRIDGING_HEADER = "tests/FSM_tests-Bridging-Header.h";
				SWIFT_OPTIMIZATION_LEVEL = "-Onone";
				USER_HEADER_SEARCH_PATHS = "";
			};
			name = Debug;
		};
		F2A59C9E1CF830D600E218C3 /* Release */ = {
			isa = XCBuildConfiguration;
			buildSettings = {
				ALWAYS_EMBED_SWIFT_STANDARD_LIBRARIES = YES;
				ALWAYS_SEARCH_USER_PATHS = NO;
				COMBINE_HIDPI_IMAGES = YES;
				HEADER_SEARCH_PATHS = (
					"\"$(SRCROOT)/../../gusimplewhiteboard\"",
					"\"/usr/local/include\"",
					"\"/opt/local/include\"",
					"\"$(SRCROOT)\"",
					"\"$(SRCROOT)/tests\"",
					"\"$(SRCROOT)/../../\"",
					"\"$(SRCROOT)/../../../Common\"",
				);
				INFOPLIST_FILE = tests/Info.plist;
				LD_RUNPATH_SEARCH_PATHS = "$(inherited) @executable_path/../Frameworks @loader_path/../Frameworks";
				PRODUCT_BUNDLE_IDENTIFIER = au.net.mipal.tests;
				PRODUCT_NAME = "$(TARGET_NAME)";
				SWIFT_OBJC_BRIDGING_HEADER = "tests/FSM_tests-Bridging-Header.h";
				USER_HEADER_SEARCH_PATHS = "";
			};
			name = Release;
		};
		F2B159631CF42A9700D43564 /* Debug */ = {
			isa = XCBuildConfiguration;
			buildSettings = {
				ALWAYS_SEARCH_USER_PATHS = NO;
				CLANG_ANALYZER_NONNULL = YES;
				CLANG_CXX_LANGUAGE_STANDARD = "gnu++0x";
				CLANG_CXX_LIBRARY = "libc++";
				CLANG_ENABLE_MODULES = YES;
				CLANG_ENABLE_OBJC_ARC = YES;
				CLANG_WARN_BOOL_CONVERSION = YES;
				CLANG_WARN_CONSTANT_CONVERSION = YES;
				CLANG_WARN_DIRECT_OBJC_ISA_USAGE = YES_ERROR;
				CLANG_WARN_EMPTY_BODY = YES;
				CLANG_WARN_ENUM_CONVERSION = YES;
				CLANG_WARN_INT_CONVERSION = YES;
				CLANG_WARN_OBJC_ROOT_CLASS = YES_ERROR;
				CLANG_WARN_UNREACHABLE_CODE = YES;
				CLANG_WARN__DUPLICATE_METHOD_MATCH = YES;
				CODE_SIGN_IDENTITY = "-";
				COPY_PHASE_STRIP = NO;
				DEBUG_INFORMATION_FORMAT = dwarf;
				ENABLE_STRICT_OBJC_MSGSEND = YES;
				ENABLE_TESTABILITY = YES;
				GCC_C_LANGUAGE_STANDARD = gnu99;
				GCC_DYNAMIC_NO_PIC = NO;
				GCC_NO_COMMON_BLOCKS = YES;
				GCC_OPTIMIZATION_LEVEL = 0;
				GCC_PREPROCESSOR_DEFINITIONS = (
					"DEBUG=1",
					"$(inherited)",
				);
				GCC_WARN_64_TO_32_BIT_CONVERSION = YES;
				GCC_WARN_ABOUT_RETURN_TYPE = YES_ERROR;
				GCC_WARN_UNDECLARED_SELECTOR = YES;
				GCC_WARN_UNINITIALIZED_AUTOS = YES_AGGRESSIVE;
				GCC_WARN_UNUSED_FUNCTION = YES;
				GCC_WARN_UNUSED_VARIABLE = YES;
				MACOSX_DEPLOYMENT_TARGET = 10.11;
				MTL_ENABLE_DEBUG_INFO = YES;
				ONLY_ACTIVE_ARCH = YES;
				SDKROOT = macosx;
				SWIFT_VERSION = 3.0;
			};
			name = Debug;
		};
		F2B159641CF42A9700D43564 /* Release */ = {
			isa = XCBuildConfiguration;
			buildSettings = {
				ALWAYS_SEARCH_USER_PATHS = NO;
				CLANG_ANALYZER_NONNULL = YES;
				CLANG_CXX_LANGUAGE_STANDARD = "gnu++0x";
				CLANG_CXX_LIBRARY = "libc++";
				CLANG_ENABLE_MODULES = YES;
				CLANG_ENABLE_OBJC_ARC = YES;
				CLANG_WARN_BOOL_CONVERSION = YES;
				CLANG_WARN_CONSTANT_CONVERSION = YES;
				CLANG_WARN_DIRECT_OBJC_ISA_USAGE = YES_ERROR;
				CLANG_WARN_EMPTY_BODY = YES;
				CLANG_WARN_ENUM_CONVERSION = YES;
				CLANG_WARN_INT_CONVERSION = YES;
				CLANG_WARN_OBJC_ROOT_CLASS = YES_ERROR;
				CLANG_WARN_UNREACHABLE_CODE = YES;
				CLANG_WARN__DUPLICATE_METHOD_MATCH = YES;
				CODE_SIGN_IDENTITY = "-";
				COPY_PHASE_STRIP = NO;
				DEBUG_INFORMATION_FORMAT = "dwarf-with-dsym";
				ENABLE_NS_ASSERTIONS = NO;
				ENABLE_STRICT_OBJC_MSGSEND = YES;
				GCC_C_LANGUAGE_STANDARD = gnu99;
				GCC_NO_COMMON_BLOCKS = YES;
				GCC_WARN_64_TO_32_BIT_CONVERSION = YES;
				GCC_WARN_ABOUT_RETURN_TYPE = YES_ERROR;
				GCC_WARN_UNDECLARED_SELECTOR = YES;
				GCC_WARN_UNINITIALIZED_AUTOS = YES_AGGRESSIVE;
				GCC_WARN_UNUSED_FUNCTION = YES;
				GCC_WARN_UNUSED_VARIABLE = YES;
				MACOSX_DEPLOYMENT_TARGET = 10.11;
				MTL_ENABLE_DEBUG_INFO = NO;
				SDKROOT = macosx;
				SWIFT_VERSION = 3.0;
			};
			name = Release;
		};
		F2B159661CF42A9700D43564 /* Debug */ = {
			isa = XCBuildConfiguration;
			buildSettings = {
				ALWAYS_SEARCH_USER_PATHS = NO;
				CLANG_ENABLE_MODULES = YES;
				DYLIB_COMPATIBILITY_VERSION = 1;
				DYLIB_CURRENT_VERSION = 1;
				EXECUTABLE_PREFIX = lib;
				FRAMEWORK_SEARCH_PATHS = "";
				HEADER_SEARCH_PATHS = (
					"\"$(SRCROOT)/build.host\"",
					"\"$(SRCROOT)/../../gusimplewhiteboard\"",
					"\"$(SRCROOT)/../../../Common\"",
					"\"$(SRCROOT)/../../cdl/gucdlmodule\"",
					"\"$(SRCROOT)/../../cdl/Engine\"",
					"\"/usr/local/include\"",
					"\"/opt/local/include\"",
				);
				LD_RUNPATH_SEARCH_PATHS = "$(inherited) @executable_path/../Frameworks @loader_path/../Frameworks";
				PRODUCT_NAME = "$(TARGET_NAME)";
				SWIFT_INCLUDE_PATHS = "../../../Common/** ../../ ../../gusimplewhiteboard/**";
				SWIFT_OBJC_BRIDGING_HEADER = "FSM-Bridging-Header.h";
				SWIFT_OPTIMIZATION_LEVEL = "-Onone";
				USER_HEADER_SEARCH_PATHS = "../../gusimplewhiteboard/ ../../ ../../../Common";
			};
			name = Debug;
		};
		F2B159671CF42A9700D43564 /* Release */ = {
			isa = XCBuildConfiguration;
			buildSettings = {
				ALWAYS_SEARCH_USER_PATHS = NO;
				CLANG_ENABLE_MODULES = YES;
				DYLIB_COMPATIBILITY_VERSION = 1;
				DYLIB_CURRENT_VERSION = 1;
				EXECUTABLE_PREFIX = lib;
				FRAMEWORK_SEARCH_PATHS = "";
				HEADER_SEARCH_PATHS = (
					"\"$(SRCROOT)/build.host\"",
					"\"$(SRCROOT)/../../gusimplewhiteboard\"",
					"\"$(SRCROOT)/../../../Common\"",
					"\"$(SRCROOT)/../../cdl/gucdlmodule\"",
					"\"$(SRCROOT)/../../cdl/Engine\"",
					"\"/usr/local/include\"",
					"\"/opt/local/include\"",
				);
				LD_RUNPATH_SEARCH_PATHS = "$(inherited) @executable_path/../Frameworks @loader_path/../Frameworks";
				PRODUCT_NAME = "$(TARGET_NAME)";
				SWIFT_INCLUDE_PATHS = "../../../Common/** ../../ ../../gusimplewhiteboard/**";
				SWIFT_OBJC_BRIDGING_HEADER = "FSM-Bridging-Header.h";
				USER_HEADER_SEARCH_PATHS = "../../gusimplewhiteboard/ ../../ ../../../Common";
			};
			name = Release;
		};
/* End XCBuildConfiguration section */

/* Begin XCConfigurationList section */
		F2A59C9C1CF830D600E218C3 /* Build configuration list for PBXNativeTarget "FSMTests" */ = {
			isa = XCConfigurationList;
			buildConfigurations = (
				F2A59C9D1CF830D600E218C3 /* Debug */,
				F2A59C9E1CF830D600E218C3 /* Release */,
			);
			defaultConfigurationIsVisible = 0;
			defaultConfigurationName = Release;
		};
		F2B1595C1CF42A9700D43564 /* Build configuration list for PBXProject "FSM" */ = {
			isa = XCConfigurationList;
			buildConfigurations = (
				F2B159631CF42A9700D43564 /* Debug */,
				F2B159641CF42A9700D43564 /* Release */,
			);
			defaultConfigurationIsVisible = 0;
			defaultConfigurationName = Release;
		};
		F2B159651CF42A9700D43564 /* Build configuration list for PBXNativeTarget "FSM" */ = {
			isa = XCConfigurationList;
			buildConfigurations = (
				F2B159661CF42A9700D43564 /* Debug */,
				F2B159671CF42A9700D43564 /* Release */,
			);
			defaultConfigurationIsVisible = 0;
			defaultConfigurationName = Release;
		};
/* End XCConfigurationList section */
	};
	rootObject = F2B159591CF42A9700D43564 /* Project object */;
}
